// !$*UTF8*$!
{
	archiveVersion = 1;
	classes = {
	};
	objectVersion = 56;
	objects = {

/* Begin PBXBuildFile section */
		850E29B62A7F3A85000EB5B2 /* TravelNewsSearchLocationView.swift in Sources */ = {isa = PBXBuildFile; fileRef = 850E29B52A7F3A85000EB5B2 /* TravelNewsSearchLocationView.swift */; };
		8527A5772A0366B6003819B1 /* TravelReportModel.swift in Sources */ = {isa = PBXBuildFile; fileRef = 8527A5762A0366B6003819B1 /* TravelReportModel.swift */; };
		8527A5792A036786003819B1 /* TravelReportItemViewModel.swift in Sources */ = {isa = PBXBuildFile; fileRef = 8527A5782A036786003819B1 /* TravelReportItemViewModel.swift */; };
		85338E3229F8426800E87792 /* TravelReportItemView.swift in Sources */ = {isa = PBXBuildFile; fileRef = 85338E3129F8426800E87792 /* TravelReportItemView.swift */; };
		85338E3429F8524000E87792 /* EventBannerView.swift in Sources */ = {isa = PBXBuildFile; fileRef = 85338E3329F8524000E87792 /* EventBannerView.swift */; };
		85338E3729F8836F00E87792 /* .gitattributes in Resources */ = {isa = PBXBuildFile; fileRef = 85338E3629F8836F00E87792 /* .gitattributes */; };
		85338E3929F8837C00E87792 /* .gitignore in Resources */ = {isa = PBXBuildFile; fileRef = 85338E3829F8837C00E87792 /* .gitignore */; };
		85361DB92A0FCC2700B48B55 /* TooltipView.swift in Sources */ = {isa = PBXBuildFile; fileRef = 85361DB82A0FCC2700B48B55 /* TooltipView.swift */; };
		85361DBE2A0FFC1C00B48B55 /* TravelNewsModel.swift in Sources */ = {isa = PBXBuildFile; fileRef = 85361DBD2A0FFC1C00B48B55 /* TravelNewsModel.swift */; };
		85361DC12A0FFE1800B48B55 /* ToggleButton.swift in Sources */ = {isa = PBXBuildFile; fileRef = 85361DC02A0FFE1800B48B55 /* ToggleButton.swift */; };
		853EA91E2A46F363001890DE /* Auth0 in Frameworks */ = {isa = PBXBuildFile; productRef = 853EA91D2A46F363001890DE /* Auth0 */; };
		853EA9202A46F3D3001890DE /* Auth0.plist in Resources */ = {isa = PBXBuildFile; fileRef = 853EA91F2A46F3D3001890DE /* Auth0.plist */; };
		853EA9242A46F98C001890DE /* Auth0Service.swift in Sources */ = {isa = PBXBuildFile; fileRef = 853EA9232A46F98C001890DE /* Auth0Service.swift */; };
		853EA9262A46FC43001890DE /* TBAPIManager.swift in Sources */ = {isa = PBXBuildFile; fileRef = 853EA9252A46FC43001890DE /* TBAPIManager.swift */; };
		853EA9292A472888001890DE /* TBAuthInterceptor.swift in Sources */ = {isa = PBXBuildFile; fileRef = 853EA9282A472888001890DE /* TBAuthInterceptor.swift */; };
		853EA92B2A476841001890DE /* TBAPIEventLogger.swift in Sources */ = {isa = PBXBuildFile; fileRef = 853EA92A2A476841001890DE /* TBAPIEventLogger.swift */; };
		853EA92F2A480D05001890DE /* TBAPIPath.swift in Sources */ = {isa = PBXBuildFile; fileRef = 853EA92E2A480D05001890DE /* TBAPIPath.swift */; };
		853EA9322A480D4C001890DE /* TBMemberAPIPath.swift in Sources */ = {isa = PBXBuildFile; fileRef = 853EA9312A480D4C001890DE /* TBMemberAPIPath.swift */; };
		853EA9342A480E64001890DE /* TBAuthAPIPath.swift in Sources */ = {isa = PBXBuildFile; fileRef = 853EA9332A480E64001890DE /* TBAuthAPIPath.swift */; };
		853EA9382A480FC7001890DE /* TBMemberAPI.swift in Sources */ = {isa = PBXBuildFile; fileRef = 853EA9372A480FC7001890DE /* TBMemberAPI.swift */; };
		853EA93F2A481489001890DE /* NicknameValidationResponse.swift in Sources */ = {isa = PBXBuildFile; fileRef = 853EA93E2A481489001890DE /* NicknameValidationResponse.swift */; };
		8552BC2C29DDCD8D00DC8D7E /* AppView.swift in Sources */ = {isa = PBXBuildFile; fileRef = 8552BC2B29DDCD8D00DC8D7E /* AppView.swift */; };
		8552BC2E29DDCD8D00DC8D7E /* RootView.swift in Sources */ = {isa = PBXBuildFile; fileRef = 8552BC2D29DDCD8D00DC8D7E /* RootView.swift */; };
		8552BC3029DDCD8E00DC8D7E /* Assets.xcassets in Resources */ = {isa = PBXBuildFile; fileRef = 8552BC2F29DDCD8E00DC8D7E /* Assets.xcassets */; };
		8552BC3329DDCD8E00DC8D7E /* Preview Assets.xcassets in Resources */ = {isa = PBXBuildFile; fileRef = 8552BC3229DDCD8E00DC8D7E /* Preview Assets.xcassets */; };
		85569CA62A4F8EC000515DE3 /* TBAuthAPI.swift in Sources */ = {isa = PBXBuildFile; fileRef = 85569CA52A4F8EC000515DE3 /* TBAuthAPI.swift */; };
		85569CAB2A4FFD5700515DE3 /* AuthenticationResponse.swift in Sources */ = {isa = PBXBuildFile; fileRef = 85569CAA2A4FFD5700515DE3 /* AuthenticationResponse.swift */; };
		85569CB02A50084000515DE3 /* AuthenticationResult.swift in Sources */ = {isa = PBXBuildFile; fileRef = 85569CAF2A50084000515DE3 /* AuthenticationResult.swift */; };
		85569CB22A5071B400515DE3 /* SignupCompletionView.swift in Sources */ = {isa = PBXBuildFile; fileRef = 85569CB12A5071B400515DE3 /* SignupCompletionView.swift */; };
		85569CB42A50780400515DE3 /* SignupRequest.swift in Sources */ = {isa = PBXBuildFile; fileRef = 85569CB32A50780400515DE3 /* SignupRequest.swift */; };
		85569CB62A5079F900515DE3 /* SignupResponse.swift in Sources */ = {isa = PBXBuildFile; fileRef = 85569CB52A5079F900515DE3 /* SignupResponse.swift */; };
		8585F4302A10FE0200C0A678 /* RootViewModel.swift in Sources */ = {isa = PBXBuildFile; fileRef = 8585F42F2A10FE0200C0A678 /* RootViewModel.swift */; };
		8585F4682A12942A00C0A678 /* TripBookTests.swift in Sources */ = {isa = PBXBuildFile; fileRef = 8585F4672A12942A00C0A678 /* TripBookTests.swift */; };
		8585F46F2A12990A00C0A678 /* TravelNewsHeaderView.swift in Sources */ = {isa = PBXBuildFile; fileRef = 8585F46E2A12990A00C0A678 /* TravelNewsHeaderView.swift */; };
		8585F4732A12A14800C0A678 /* TravelNewsItemView.swift in Sources */ = {isa = PBXBuildFile; fileRef = 8585F4722A12A14800C0A678 /* TravelNewsItemView.swift */; };
		8585F4762A13E91C00C0A678 /* TravelNewsViewModel.swift in Sources */ = {isa = PBXBuildFile; fileRef = 8585F4752A13E91C00C0A678 /* TravelNewsViewModel.swift */; };
		8585F4782A13EF2400C0A678 /* MyTravelNewsItemView.swift in Sources */ = {isa = PBXBuildFile; fileRef = 8585F4772A13EF2400C0A678 /* MyTravelNewsItemView.swift */; };
		8585F47A2A15E89F00C0A678 /* TravelNewsItemViewModel.swift in Sources */ = {isa = PBXBuildFile; fileRef = 8585F4792A15E89F00C0A678 /* TravelNewsItemViewModel.swift */; };
		8585F47C2A15ECBB00C0A678 /* MyTravelNewsItemViewModel.swift in Sources */ = {isa = PBXBuildFile; fileRef = 8585F47B2A15ECBB00C0A678 /* MyTravelNewsItemViewModel.swift */; };
		858681BB2A62E3D300072B52 /* TravelNewsListView.swift in Sources */ = {isa = PBXBuildFile; fileRef = 858681BA2A62E3D300072B52 /* TravelNewsListView.swift */; };
		858681BD2A62EFE700072B52 /* TravelNewsEditorListDetailView.swift in Sources */ = {isa = PBXBuildFile; fileRef = 858681BC2A62EFE700072B52 /* TravelNewsEditorListDetailView.swift */; };
		858681BF2A62F56F00072B52 /* NotificationView.swift in Sources */ = {isa = PBXBuildFile; fileRef = 858681BE2A62F56F00072B52 /* NotificationView.swift */; };
		858681C12A63038000072B52 /* TBPopup.swift in Sources */ = {isa = PBXBuildFile; fileRef = 858681C02A63038000072B52 /* TBPopup.swift */; };
		85A6B1282A58364D0050FF68 /* SUIT-Bold.otf in Resources */ = {isa = PBXBuildFile; fileRef = 85A6B11F2A58364C0050FF68 /* SUIT-Bold.otf */; };
		85A6B1292A58364D0050FF68 /* SUIT-ExtraLight.otf in Resources */ = {isa = PBXBuildFile; fileRef = 85A6B1202A58364C0050FF68 /* SUIT-ExtraLight.otf */; };
		85A6B12A2A58364D0050FF68 /* SUIT-Heavy.otf in Resources */ = {isa = PBXBuildFile; fileRef = 85A6B1212A58364C0050FF68 /* SUIT-Heavy.otf */; };
		85A6B12B2A58364D0050FF68 /* SUIT-Medium.otf in Resources */ = {isa = PBXBuildFile; fileRef = 85A6B1222A58364C0050FF68 /* SUIT-Medium.otf */; };
		85A6B12C2A58364D0050FF68 /* SUIT-Thin.otf in Resources */ = {isa = PBXBuildFile; fileRef = 85A6B1232A58364C0050FF68 /* SUIT-Thin.otf */; };
		85A6B12D2A58364D0050FF68 /* SUIT-ExtraBold.otf in Resources */ = {isa = PBXBuildFile; fileRef = 85A6B1242A58364C0050FF68 /* SUIT-ExtraBold.otf */; };
		85A6B12E2A58364D0050FF68 /* SUIT-Light.otf in Resources */ = {isa = PBXBuildFile; fileRef = 85A6B1252A58364C0050FF68 /* SUIT-Light.otf */; };
		85A6B12F2A58364D0050FF68 /* SUIT-Regular.otf in Resources */ = {isa = PBXBuildFile; fileRef = 85A6B1262A58364D0050FF68 /* SUIT-Regular.otf */; };
		85A6B1302A58364D0050FF68 /* SUIT-SemiBold.otf in Resources */ = {isa = PBXBuildFile; fileRef = 85A6B1272A58364D0050FF68 /* SUIT-SemiBold.otf */; };
		85A6B1342A58367A0050FF68 /* TBFont.swift in Sources */ = {isa = PBXBuildFile; fileRef = 85A6B1312A58367A0050FF68 /* TBFont.swift */; };
		85A6B1352A58367A0050FF68 /* TBIcon.swift in Sources */ = {isa = PBXBuildFile; fileRef = 85A6B1322A58367A0050FF68 /* TBIcon.swift */; };
		85A6B1362A58367A0050FF68 /* TBColorPalette.swift in Sources */ = {isa = PBXBuildFile; fileRef = 85A6B1332A58367A0050FF68 /* TBColorPalette.swift */; };
		85A6B13B2A58368C0050FF68 /* TBCheckBox.swift in Sources */ = {isa = PBXBuildFile; fileRef = 85A6B1372A58368C0050FF68 /* TBCheckBox.swift */; };
		85A6B13C2A58368C0050FF68 /* TBTextField.swift in Sources */ = {isa = PBXBuildFile; fileRef = 85A6B1382A58368C0050FF68 /* TBTextField.swift */; };
		85A6B13D2A58368C0050FF68 /* TBPrimaryButton.swift in Sources */ = {isa = PBXBuildFile; fileRef = 85A6B1392A58368C0050FF68 /* TBPrimaryButton.swift */; };
		85A6B13E2A58368C0050FF68 /* TBAppBar.swift in Sources */ = {isa = PBXBuildFile; fileRef = 85A6B13A2A58368C0050FF68 /* TBAppBar.swift */; };
		85A6B1402A5C53E00050FF68 /* TBAvatar.swift in Sources */ = {isa = PBXBuildFile; fileRef = 85A6B13F2A5C53E00050FF68 /* TBAvatar.swift */; };
		85A6B1422A5C55E70050FF68 /* TBShadow.swift in Sources */ = {isa = PBXBuildFile; fileRef = 85A6B1412A5C55E70050FF68 /* TBShadow.swift */; };
		85A6B1442A5C5E210050FF68 /* TBSearchBar.swift in Sources */ = {isa = PBXBuildFile; fileRef = 85A6B1432A5C5E210050FF68 /* TBSearchBar.swift */; };
		85A6B1462A5C61590050FF68 /* TBTag.swift in Sources */ = {isa = PBXBuildFile; fileRef = 85A6B1452A5C61590050FF68 /* TBTag.swift */; };
		85A6B1482A6038D60050FF68 /* TravelNewsEditorListView.swift in Sources */ = {isa = PBXBuildFile; fileRef = 85A6B1472A6038D60050FF68 /* TravelNewsEditorListView.swift */; };
		85A6B14B2A6039A90050FF68 /* Kingfisher in Frameworks */ = {isa = PBXBuildFile; productRef = 85A6B14A2A6039A90050FF68 /* Kingfisher */; };
		85A7371A2A7F3FC400DA0DDB /* TravelNewsTemporaryStorageListView.swift in Sources */ = {isa = PBXBuildFile; fileRef = 85A737192A7F3FC400DA0DDB /* TravelNewsTemporaryStorageListView.swift */; };
		85C05C902A3E246F006758EF /* SignupProfileInfoViewModel.swift in Sources */ = {isa = PBXBuildFile; fileRef = 85C05C8F2A3E246F006758EF /* SignupProfileInfoViewModel.swift */; };
		85C35B752A16594500DB8E46 /* DocumentModel.swift in Sources */ = {isa = PBXBuildFile; fileRef = 85C35B742A16594500DB8E46 /* DocumentModel.swift */; };
		85C35B772A1659AE00DB8E46 /* User.swift in Sources */ = {isa = PBXBuildFile; fileRef = 85C35B762A1659AE00DB8E46 /* User.swift */; };
		85C35B792A165CB000DB8E46 /* DocumentActionBar.swift in Sources */ = {isa = PBXBuildFile; fileRef = 85C35B782A165CB000DB8E46 /* DocumentActionBar.swift */; };
		85C6F8342A18D44B00722ED1 /* DataStorage.swift in Sources */ = {isa = PBXBuildFile; fileRef = 85C6F8332A18D44B00722ED1 /* DataStorage.swift */; };
		85C6F8392A1A013D00722ED1 /* RequestEditorViewModel.swift in Sources */ = {isa = PBXBuildFile; fileRef = 85C6F8382A1A013D00722ED1 /* RequestEditorViewModel.swift */; };
		85CF962F2A63E70A000725DD /* NotificationViewModel.swift in Sources */ = {isa = PBXBuildFile; fileRef = 85CF962E2A63E70A000725DD /* NotificationViewModel.swift */; };
		85CF96332A64324D000725DD /* TravelNewsPostView.swift in Sources */ = {isa = PBXBuildFile; fileRef = 85CF96322A64324D000725DD /* TravelNewsPostView.swift */; };
		85E8CA902A39A5F600EBDE7F /* SignupSocialView.swift in Sources */ = {isa = PBXBuildFile; fileRef = 85E8CA8F2A39A5F600EBDE7F /* SignupSocialView.swift */; };
		85E8CA922A39A61D00EBDE7F /* SignupTermsView.swift in Sources */ = {isa = PBXBuildFile; fileRef = 85E8CA912A39A61D00EBDE7F /* SignupTermsView.swift */; };
		85E8CA942A39A63F00EBDE7F /* SignupProfileNameView.swift in Sources */ = {isa = PBXBuildFile; fileRef = 85E8CA932A39A63F00EBDE7F /* SignupProfileNameView.swift */; };
		85E8CA962A39A65400EBDE7F /* SignupProfileImageView.swift in Sources */ = {isa = PBXBuildFile; fileRef = 85E8CA952A39A65400EBDE7F /* SignupProfileImageView.swift */; };
		85E8CA982A39A68900EBDE7F /* SignupProfileInfoView.swift in Sources */ = {isa = PBXBuildFile; fileRef = 85E8CA972A39A68900EBDE7F /* SignupProfileInfoView.swift */; };
		85E8CA9B2A39A6A800EBDE7F /* SignupViewModel.swift in Sources */ = {isa = PBXBuildFile; fileRef = 85E8CA9A2A39A6A800EBDE7F /* SignupViewModel.swift */; };
		85E8CAA22A3ACB2300EBDE7F /* SignupSocialViewModel.swift in Sources */ = {isa = PBXBuildFile; fileRef = 85E8CAA12A3ACB2300EBDE7F /* SignupSocialViewModel.swift */; };
		85E8CAA92A3AD74700EBDE7F /* SignupTermsViewModel.swift in Sources */ = {isa = PBXBuildFile; fileRef = 85E8CAA82A3AD74700EBDE7F /* SignupTermsViewModel.swift */; };
		85E8CAAB2A3B108600EBDE7F /* SignupProfileNameViewModel.swift in Sources */ = {isa = PBXBuildFile; fileRef = 85E8CAAA2A3B108600EBDE7F /* SignupProfileNameViewModel.swift */; };
		85E8CAAD2A3DEB7700EBDE7F /* SignupProfileImageViewModel.swift in Sources */ = {isa = PBXBuildFile; fileRef = 85E8CAAC2A3DEB7700EBDE7F /* SignupProfileImageViewModel.swift */; };
		85E8CAB02A3DEF2800EBDE7F /* RegisterationUser.swift in Sources */ = {isa = PBXBuildFile; fileRef = 85E8CAAF2A3DEF2800EBDE7F /* RegisterationUser.swift */; };
		85E8CAB32A3DF64C00EBDE7F /* SignupProfileImageSelectOptionView.swift in Sources */ = {isa = PBXBuildFile; fileRef = 85E8CAB22A3DF64C00EBDE7F /* SignupProfileImageSelectOptionView.swift */; };
		85E8CAB82A3E0B3700EBDE7F /* SignupProfileImagePickerView.swift in Sources */ = {isa = PBXBuildFile; fileRef = 85E8CAB72A3E0B3700EBDE7F /* SignupProfileImagePickerView.swift */; };
		85F02B4C29F68E7F008DABCE /* TravelReportView.swift in Sources */ = {isa = PBXBuildFile; fileRef = 85F02B4B29F68E7F008DABCE /* TravelReportView.swift */; };
		85F02B4E29F6906C008DABCE /* RegisterTravelReportView.swift in Sources */ = {isa = PBXBuildFile; fileRef = 85F02B4D29F6906C008DABCE /* RegisterTravelReportView.swift */; };
		85F02B5129F690F3008DABCE /* TravelNewsView.swift in Sources */ = {isa = PBXBuildFile; fileRef = 85F02B5029F690F3008DABCE /* TravelNewsView.swift */; };
		85F02B5429F6913F008DABCE /* MypageView.swift in Sources */ = {isa = PBXBuildFile; fileRef = 85F02B5329F6913F008DABCE /* MypageView.swift */; };
		85F03BE82A3EE4C900A0B931 /* SignupTermDetailModal.swift in Sources */ = {isa = PBXBuildFile; fileRef = 85F03BE72A3EE4C900A0B931 /* SignupTermDetailModal.swift */; };
		85F03BEB2A3EF5A000A0B931 /* Alamofire in Frameworks */ = {isa = PBXBuildFile; productRef = 85F03BEA2A3EF5A000A0B931 /* Alamofire */; };
		85F31B5B2A543A3500493B5F /* GetUserResponse.swift in Sources */ = {isa = PBXBuildFile; fileRef = 85F31B5A2A543A3500493B5F /* GetUserResponse.swift */; };
		9B026BF22AB59FDC00F6C81C /* APIable.swift in Sources */ = {isa = PBXBuildFile; fileRef = 9B026BF12AB59FDC00F6C81C /* APIable.swift */; };
		9B026BF42AB85A9000F6C81C /* APIManagerable.swift in Sources */ = {isa = PBXBuildFile; fileRef = 9B026BF32AB85A9000F6C81C /* APIManagerable.swift */; };
		9B0696122AC7E63B00006A84 /* TBTravelNewsAPI.swift in Sources */ = {isa = PBXBuildFile; fileRef = 9B0696112AC7E63B00006A84 /* TBTravelNewsAPI.swift */; };
		9B0696152AC7EBC000006A84 /* TBArticlesAPIPath.swift in Sources */ = {isa = PBXBuildFile; fileRef = 9B0696142AC7EBC000006A84 /* TBArticlesAPIPath.swift */; };
		9B0696192ACE7D0600006A84 /* TravelNewsSortPopupView.swift in Sources */ = {isa = PBXBuildFile; fileRef = 9B0696182ACE7D0600006A84 /* TravelNewsSortPopupView.swift */; };
		9B06961E2AD7E4A100006A84 /* KakaoLocationSearchAPI.swift in Sources */ = {isa = PBXBuildFile; fileRef = 9B06961D2AD7E4A100006A84 /* KakaoLocationSearchAPI.swift */; };
		9B0696232AD801C100006A84 /* Bundle+Extension.swift in Sources */ = {isa = PBXBuildFile; fileRef = 9B0696222AD801C100006A84 /* Bundle+Extension.swift */; };
		9B0696262AD81D1500006A84 /* LocationSearchResponse.swift in Sources */ = {isa = PBXBuildFile; fileRef = 9B0696252AD81D1500006A84 /* LocationSearchResponse.swift */; };
		9B0696282ADBA6D000006A84 /* LocationInfo.swift in Sources */ = {isa = PBXBuildFile; fileRef = 9B0696272ADBA6D000006A84 /* LocationInfo.swift */; };
		9B06962A2ADBAA4000006A84 /* TravelNewsSearchLocationViewModel.swift in Sources */ = {isa = PBXBuildFile; fileRef = 9B0696292ADBAA4000006A84 /* TravelNewsSearchLocationViewModel.swift */; };
		9B4F1F9B2AB184CB000747A9 /* TravelNewsListItemView.swift in Sources */ = {isa = PBXBuildFile; fileRef = 9B4F1F9A2AB184CB000747A9 /* TravelNewsListItemView.swift */; };
		9B6C9FBB2AAEE11C00206AFC /* RequestEditorBannerView.swift in Sources */ = {isa = PBXBuildFile; fileRef = 9B6C9FB62AAEE11C00206AFC /* RequestEditorBannerView.swift */; };
		9B6C9FBC2AAEE11C00206AFC /* RequestEditorGuideView.swift in Sources */ = {isa = PBXBuildFile; fileRef = 9B6C9FB72AAEE11C00206AFC /* RequestEditorGuideView.swift */; };
		9B6C9FBD2AAEE11C00206AFC /* EditorBenefitsView.swift in Sources */ = {isa = PBXBuildFile; fileRef = 9B6C9FB82AAEE11C00206AFC /* EditorBenefitsView.swift */; };
		9B6C9FBE2AAEE11C00206AFC /* RequestEditorView.swift in Sources */ = {isa = PBXBuildFile; fileRef = 9B6C9FB92AAEE11C00206AFC /* RequestEditorView.swift */; };
		9B6C9FBF2AAEE11C00206AFC /* RequestEditorResultView.swift in Sources */ = {isa = PBXBuildFile; fileRef = 9B6C9FBA2AAEE11C00206AFC /* RequestEditorResultView.swift */; };
		9B8964B32AAB02C100B6E3CA /* TBImagePicker in Frameworks */ = {isa = PBXBuildFile; productRef = 9B8964B22AAB02C100B6E3CA /* TBImagePicker */; };
		9B9C74B62AE6899A005B69AE /* Lottie in Frameworks */ = {isa = PBXBuildFile; productRef = 9B9C74B52AE6899A005B69AE /* Lottie */; };
		9B9C74BA2AE68AF0005B69AE /* OnboardingView.swift in Sources */ = {isa = PBXBuildFile; fileRef = 9B9C74B92AE68AF0005B69AE /* OnboardingView.swift */; };
		9B9C74CF2AE7A93C005B69AE /* TokenReissueResponse.swift in Sources */ = {isa = PBXBuildFile; fileRef = 9B9C74CE2AE7A93C005B69AE /* TokenReissueResponse.swift */; };
		9B9C74D12AE7A9AE005B69AE /* OnboardingViewModel.swift in Sources */ = {isa = PBXBuildFile; fileRef = 9B9C74D02AE7A9AE005B69AE /* OnboardingViewModel.swift */; };
		9BA39AE82AEA327200C5AEBC /* tripbookOnboardingLottie.json in Resources */ = {isa = PBXBuildFile; fileRef = 9BA39AE72AEA327200C5AEBC /* tripbookOnboardingLottie.json */; };
		9BA39AEB2AF50AE600C5AEBC /* EditProfileView.swift in Sources */ = {isa = PBXBuildFile; fileRef = 9BA39AEA2AF50AE600C5AEBC /* EditProfileView.swift */; };
		9BB592DE2B045D8F00A6B80E /* MypageViewModel.swift in Sources */ = {isa = PBXBuildFile; fileRef = 9BB592DD2B045D8F00A6B80E /* MypageViewModel.swift */; };
		9BF5F6BD2ABC244E007E2063 /* TBNetworkError.swift in Sources */ = {isa = PBXBuildFile; fileRef = 9BF5F6BC2ABC244E007E2063 /* TBNetworkError.swift */; };
		9D077C012AE655FA00FD37CA /* RichTextKit in Frameworks */ = {isa = PBXBuildFile; productRef = 9D077C002AE655FA00FD37CA /* RichTextKit */; };
		9D34D2372AF4EE3C006D60AC /* SnapKit in Frameworks */ = {isa = PBXBuildFile; productRef = 9D34D2362AF4EE3C006D60AC /* SnapKit */; };
		9D34D23A2AF4EF3A006D60AC /* RegisterTravelNewsView.swift in Sources */ = {isa = PBXBuildFile; fileRef = 9D34D2392AF4EF3A006D60AC /* RegisterTravelNewsView.swift */; };
		DA7CF4CC2AFA9A7C00386B79 /* NSAttributedString+Extension.swift in Sources */ = {isa = PBXBuildFile; fileRef = DA7CF4CB2AFA9A7C00386B79 /* NSAttributedString+Extension.swift */; };
		DAC0E1852ACC888200AE41B4 /* TravelNewsPostViewModel.swift in Sources */ = {isa = PBXBuildFile; fileRef = DAC0E1842ACC888200AE41B4 /* TravelNewsPostViewModel.swift */; };
/* End PBXBuildFile section */

/* Begin PBXContainerItemProxy section */
		8585F4692A12942A00C0A678 /* PBXContainerItemProxy */ = {
			isa = PBXContainerItemProxy;
			containerPortal = 8552BC2029DDCD8D00DC8D7E /* Project object */;
			proxyType = 1;
			remoteGlobalIDString = 8552BC2729DDCD8D00DC8D7E;
			remoteInfo = "ios-tripbook";
		};
/* End PBXContainerItemProxy section */

/* Begin PBXFileReference section */
		850E29B52A7F3A85000EB5B2 /* TravelNewsSearchLocationView.swift */ = {isa = PBXFileReference; lastKnownFileType = sourcecode.swift; path = TravelNewsSearchLocationView.swift; sourceTree = "<group>"; };
		8527A5762A0366B6003819B1 /* TravelReportModel.swift */ = {isa = PBXFileReference; lastKnownFileType = sourcecode.swift; path = TravelReportModel.swift; sourceTree = "<group>"; };
		8527A5782A036786003819B1 /* TravelReportItemViewModel.swift */ = {isa = PBXFileReference; lastKnownFileType = sourcecode.swift; path = TravelReportItemViewModel.swift; sourceTree = "<group>"; };
		85338E2B29F828EC00E87792 /* Info.plist */ = {isa = PBXFileReference; lastKnownFileType = text.plist; path = Info.plist; sourceTree = "<group>"; };
		85338E3129F8426800E87792 /* TravelReportItemView.swift */ = {isa = PBXFileReference; lastKnownFileType = sourcecode.swift; path = TravelReportItemView.swift; sourceTree = "<group>"; };
		85338E3329F8524000E87792 /* EventBannerView.swift */ = {isa = PBXFileReference; lastKnownFileType = sourcecode.swift; path = EventBannerView.swift; sourceTree = "<group>"; };
		85338E3629F8836F00E87792 /* .gitattributes */ = {isa = PBXFileReference; lastKnownFileType = text; path = .gitattributes; sourceTree = "<group>"; };
		85338E3829F8837C00E87792 /* .gitignore */ = {isa = PBXFileReference; fileEncoding = 4; lastKnownFileType = text; path = .gitignore; sourceTree = "<group>"; };
		85361DB82A0FCC2700B48B55 /* TooltipView.swift */ = {isa = PBXFileReference; lastKnownFileType = sourcecode.swift; path = TooltipView.swift; sourceTree = "<group>"; };
		85361DBD2A0FFC1C00B48B55 /* TravelNewsModel.swift */ = {isa = PBXFileReference; lastKnownFileType = sourcecode.swift; path = TravelNewsModel.swift; sourceTree = "<group>"; };
		85361DC02A0FFE1800B48B55 /* ToggleButton.swift */ = {isa = PBXFileReference; lastKnownFileType = sourcecode.swift; path = ToggleButton.swift; sourceTree = "<group>"; };
		853EA91F2A46F3D3001890DE /* Auth0.plist */ = {isa = PBXFileReference; lastKnownFileType = text.plist; path = Auth0.plist; sourceTree = "<group>"; };
		853EA9232A46F98C001890DE /* Auth0Service.swift */ = {isa = PBXFileReference; lastKnownFileType = sourcecode.swift; path = Auth0Service.swift; sourceTree = "<group>"; };
		853EA9252A46FC43001890DE /* TBAPIManager.swift */ = {isa = PBXFileReference; lastKnownFileType = sourcecode.swift; path = TBAPIManager.swift; sourceTree = "<group>"; };
		853EA9282A472888001890DE /* TBAuthInterceptor.swift */ = {isa = PBXFileReference; lastKnownFileType = sourcecode.swift; path = TBAuthInterceptor.swift; sourceTree = "<group>"; };
		853EA92A2A476841001890DE /* TBAPIEventLogger.swift */ = {isa = PBXFileReference; lastKnownFileType = sourcecode.swift; path = TBAPIEventLogger.swift; sourceTree = "<group>"; };
		853EA92E2A480D05001890DE /* TBAPIPath.swift */ = {isa = PBXFileReference; lastKnownFileType = sourcecode.swift; path = TBAPIPath.swift; sourceTree = "<group>"; };
		853EA9312A480D4C001890DE /* TBMemberAPIPath.swift */ = {isa = PBXFileReference; lastKnownFileType = sourcecode.swift; path = TBMemberAPIPath.swift; sourceTree = "<group>"; };
		853EA9332A480E64001890DE /* TBAuthAPIPath.swift */ = {isa = PBXFileReference; lastKnownFileType = sourcecode.swift; path = TBAuthAPIPath.swift; sourceTree = "<group>"; };
		853EA9372A480FC7001890DE /* TBMemberAPI.swift */ = {isa = PBXFileReference; lastKnownFileType = sourcecode.swift; path = TBMemberAPI.swift; sourceTree = "<group>"; };
		853EA93E2A481489001890DE /* NicknameValidationResponse.swift */ = {isa = PBXFileReference; lastKnownFileType = sourcecode.swift; path = NicknameValidationResponse.swift; sourceTree = "<group>"; };
		8552BC2829DDCD8D00DC8D7E /* ios-tripbook.app */ = {isa = PBXFileReference; explicitFileType = wrapper.application; includeInIndex = 0; path = "ios-tripbook.app"; sourceTree = BUILT_PRODUCTS_DIR; };
		8552BC2B29DDCD8D00DC8D7E /* AppView.swift */ = {isa = PBXFileReference; lastKnownFileType = sourcecode.swift; path = AppView.swift; sourceTree = "<group>"; };
		8552BC2D29DDCD8D00DC8D7E /* RootView.swift */ = {isa = PBXFileReference; lastKnownFileType = sourcecode.swift; path = RootView.swift; sourceTree = "<group>"; };
		8552BC2F29DDCD8E00DC8D7E /* Assets.xcassets */ = {isa = PBXFileReference; lastKnownFileType = folder.assetcatalog; path = Assets.xcassets; sourceTree = "<group>"; };
		8552BC3229DDCD8E00DC8D7E /* Preview Assets.xcassets */ = {isa = PBXFileReference; lastKnownFileType = folder.assetcatalog; path = "Preview Assets.xcassets"; sourceTree = "<group>"; };
		85569CA52A4F8EC000515DE3 /* TBAuthAPI.swift */ = {isa = PBXFileReference; lastKnownFileType = sourcecode.swift; path = TBAuthAPI.swift; sourceTree = "<group>"; };
		85569CAA2A4FFD5700515DE3 /* AuthenticationResponse.swift */ = {isa = PBXFileReference; lastKnownFileType = sourcecode.swift; path = AuthenticationResponse.swift; sourceTree = "<group>"; };
		85569CAF2A50084000515DE3 /* AuthenticationResult.swift */ = {isa = PBXFileReference; lastKnownFileType = sourcecode.swift; path = AuthenticationResult.swift; sourceTree = "<group>"; };
		85569CB12A5071B400515DE3 /* SignupCompletionView.swift */ = {isa = PBXFileReference; lastKnownFileType = sourcecode.swift; path = SignupCompletionView.swift; sourceTree = "<group>"; };
		85569CB32A50780400515DE3 /* SignupRequest.swift */ = {isa = PBXFileReference; lastKnownFileType = sourcecode.swift; path = SignupRequest.swift; sourceTree = "<group>"; };
		85569CB52A5079F900515DE3 /* SignupResponse.swift */ = {isa = PBXFileReference; lastKnownFileType = sourcecode.swift; path = SignupResponse.swift; sourceTree = "<group>"; };
		8585F42F2A10FE0200C0A678 /* RootViewModel.swift */ = {isa = PBXFileReference; lastKnownFileType = sourcecode.swift; path = RootViewModel.swift; sourceTree = "<group>"; };
		8585F4652A12942A00C0A678 /* TripBookTests.xctest */ = {isa = PBXFileReference; explicitFileType = wrapper.cfbundle; includeInIndex = 0; path = TripBookTests.xctest; sourceTree = BUILT_PRODUCTS_DIR; };
		8585F4672A12942A00C0A678 /* TripBookTests.swift */ = {isa = PBXFileReference; lastKnownFileType = sourcecode.swift; path = TripBookTests.swift; sourceTree = "<group>"; };
		8585F46E2A12990A00C0A678 /* TravelNewsHeaderView.swift */ = {isa = PBXFileReference; lastKnownFileType = sourcecode.swift; path = TravelNewsHeaderView.swift; sourceTree = "<group>"; };
		8585F4722A12A14800C0A678 /* TravelNewsItemView.swift */ = {isa = PBXFileReference; lastKnownFileType = sourcecode.swift; path = TravelNewsItemView.swift; sourceTree = "<group>"; };
		8585F4752A13E91C00C0A678 /* TravelNewsViewModel.swift */ = {isa = PBXFileReference; lastKnownFileType = sourcecode.swift; path = TravelNewsViewModel.swift; sourceTree = "<group>"; };
		8585F4772A13EF2400C0A678 /* MyTravelNewsItemView.swift */ = {isa = PBXFileReference; lastKnownFileType = sourcecode.swift; path = MyTravelNewsItemView.swift; sourceTree = "<group>"; };
		8585F4792A15E89F00C0A678 /* TravelNewsItemViewModel.swift */ = {isa = PBXFileReference; lastKnownFileType = sourcecode.swift; path = TravelNewsItemViewModel.swift; sourceTree = "<group>"; };
		8585F47B2A15ECBB00C0A678 /* MyTravelNewsItemViewModel.swift */ = {isa = PBXFileReference; lastKnownFileType = sourcecode.swift; path = MyTravelNewsItemViewModel.swift; sourceTree = "<group>"; };
		858681BA2A62E3D300072B52 /* TravelNewsListView.swift */ = {isa = PBXFileReference; lastKnownFileType = sourcecode.swift; path = TravelNewsListView.swift; sourceTree = "<group>"; };
		858681BC2A62EFE700072B52 /* TravelNewsEditorListDetailView.swift */ = {isa = PBXFileReference; lastKnownFileType = sourcecode.swift; path = TravelNewsEditorListDetailView.swift; sourceTree = "<group>"; };
		858681BE2A62F56F00072B52 /* NotificationView.swift */ = {isa = PBXFileReference; lastKnownFileType = sourcecode.swift; path = NotificationView.swift; sourceTree = "<group>"; };
		858681C02A63038000072B52 /* TBPopup.swift */ = {isa = PBXFileReference; lastKnownFileType = sourcecode.swift; path = TBPopup.swift; sourceTree = "<group>"; };
		8588E32129EE49A900746B23 /* ios-tripbook.entitlements */ = {isa = PBXFileReference; lastKnownFileType = text.plist.entitlements; path = "ios-tripbook.entitlements"; sourceTree = "<group>"; };
		85A6B11F2A58364C0050FF68 /* SUIT-Bold.otf */ = {isa = PBXFileReference; lastKnownFileType = file; path = "SUIT-Bold.otf"; sourceTree = "<group>"; };
		85A6B1202A58364C0050FF68 /* SUIT-ExtraLight.otf */ = {isa = PBXFileReference; lastKnownFileType = file; path = "SUIT-ExtraLight.otf"; sourceTree = "<group>"; };
		85A6B1212A58364C0050FF68 /* SUIT-Heavy.otf */ = {isa = PBXFileReference; lastKnownFileType = file; path = "SUIT-Heavy.otf"; sourceTree = "<group>"; };
		85A6B1222A58364C0050FF68 /* SUIT-Medium.otf */ = {isa = PBXFileReference; lastKnownFileType = file; path = "SUIT-Medium.otf"; sourceTree = "<group>"; };
		85A6B1232A58364C0050FF68 /* SUIT-Thin.otf */ = {isa = PBXFileReference; lastKnownFileType = file; path = "SUIT-Thin.otf"; sourceTree = "<group>"; };
		85A6B1242A58364C0050FF68 /* SUIT-ExtraBold.otf */ = {isa = PBXFileReference; lastKnownFileType = file; path = "SUIT-ExtraBold.otf"; sourceTree = "<group>"; };
		85A6B1252A58364C0050FF68 /* SUIT-Light.otf */ = {isa = PBXFileReference; lastKnownFileType = file; path = "SUIT-Light.otf"; sourceTree = "<group>"; };
		85A6B1262A58364D0050FF68 /* SUIT-Regular.otf */ = {isa = PBXFileReference; lastKnownFileType = file; path = "SUIT-Regular.otf"; sourceTree = "<group>"; };
		85A6B1272A58364D0050FF68 /* SUIT-SemiBold.otf */ = {isa = PBXFileReference; lastKnownFileType = file; path = "SUIT-SemiBold.otf"; sourceTree = "<group>"; };
		85A6B1312A58367A0050FF68 /* TBFont.swift */ = {isa = PBXFileReference; fileEncoding = 4; lastKnownFileType = sourcecode.swift; path = TBFont.swift; sourceTree = "<group>"; };
		85A6B1322A58367A0050FF68 /* TBIcon.swift */ = {isa = PBXFileReference; fileEncoding = 4; lastKnownFileType = sourcecode.swift; path = TBIcon.swift; sourceTree = "<group>"; };
		85A6B1332A58367A0050FF68 /* TBColorPalette.swift */ = {isa = PBXFileReference; fileEncoding = 4; lastKnownFileType = sourcecode.swift; path = TBColorPalette.swift; sourceTree = "<group>"; };
		85A6B1372A58368C0050FF68 /* TBCheckBox.swift */ = {isa = PBXFileReference; fileEncoding = 4; lastKnownFileType = sourcecode.swift; path = TBCheckBox.swift; sourceTree = "<group>"; };
		85A6B1382A58368C0050FF68 /* TBTextField.swift */ = {isa = PBXFileReference; fileEncoding = 4; lastKnownFileType = sourcecode.swift; path = TBTextField.swift; sourceTree = "<group>"; };
		85A6B1392A58368C0050FF68 /* TBPrimaryButton.swift */ = {isa = PBXFileReference; fileEncoding = 4; lastKnownFileType = sourcecode.swift; path = TBPrimaryButton.swift; sourceTree = "<group>"; };
		85A6B13A2A58368C0050FF68 /* TBAppBar.swift */ = {isa = PBXFileReference; fileEncoding = 4; lastKnownFileType = sourcecode.swift; path = TBAppBar.swift; sourceTree = "<group>"; };
		85A6B13F2A5C53E00050FF68 /* TBAvatar.swift */ = {isa = PBXFileReference; lastKnownFileType = sourcecode.swift; path = TBAvatar.swift; sourceTree = "<group>"; };
		85A6B1412A5C55E70050FF68 /* TBShadow.swift */ = {isa = PBXFileReference; lastKnownFileType = sourcecode.swift; path = TBShadow.swift; sourceTree = "<group>"; };
		85A6B1432A5C5E210050FF68 /* TBSearchBar.swift */ = {isa = PBXFileReference; lastKnownFileType = sourcecode.swift; path = TBSearchBar.swift; sourceTree = "<group>"; };
		85A6B1452A5C61590050FF68 /* TBTag.swift */ = {isa = PBXFileReference; lastKnownFileType = sourcecode.swift; path = TBTag.swift; sourceTree = "<group>"; };
		85A6B1472A6038D60050FF68 /* TravelNewsEditorListView.swift */ = {isa = PBXFileReference; lastKnownFileType = sourcecode.swift; path = TravelNewsEditorListView.swift; sourceTree = "<group>"; };
		85A737192A7F3FC400DA0DDB /* TravelNewsTemporaryStorageListView.swift */ = {isa = PBXFileReference; lastKnownFileType = sourcecode.swift; path = TravelNewsTemporaryStorageListView.swift; sourceTree = "<group>"; };
		85C05C8F2A3E246F006758EF /* SignupProfileInfoViewModel.swift */ = {isa = PBXFileReference; lastKnownFileType = sourcecode.swift; path = SignupProfileInfoViewModel.swift; sourceTree = "<group>"; };
		85C35B742A16594500DB8E46 /* DocumentModel.swift */ = {isa = PBXFileReference; lastKnownFileType = sourcecode.swift; path = DocumentModel.swift; sourceTree = "<group>"; };
		85C35B762A1659AE00DB8E46 /* User.swift */ = {isa = PBXFileReference; lastKnownFileType = sourcecode.swift; path = User.swift; sourceTree = "<group>"; };
		85C35B782A165CB000DB8E46 /* DocumentActionBar.swift */ = {isa = PBXFileReference; lastKnownFileType = sourcecode.swift; path = DocumentActionBar.swift; sourceTree = "<group>"; };
		85C6F8332A18D44B00722ED1 /* DataStorage.swift */ = {isa = PBXFileReference; lastKnownFileType = sourcecode.swift; path = DataStorage.swift; sourceTree = "<group>"; };
		85C6F8382A1A013D00722ED1 /* RequestEditorViewModel.swift */ = {isa = PBXFileReference; lastKnownFileType = sourcecode.swift; path = RequestEditorViewModel.swift; sourceTree = "<group>"; };
		85CF962E2A63E70A000725DD /* NotificationViewModel.swift */ = {isa = PBXFileReference; lastKnownFileType = sourcecode.swift; path = NotificationViewModel.swift; sourceTree = "<group>"; };
		85CF96322A64324D000725DD /* TravelNewsPostView.swift */ = {isa = PBXFileReference; lastKnownFileType = sourcecode.swift; path = TravelNewsPostView.swift; sourceTree = "<group>"; };
		85E8CA8F2A39A5F600EBDE7F /* SignupSocialView.swift */ = {isa = PBXFileReference; lastKnownFileType = sourcecode.swift; path = SignupSocialView.swift; sourceTree = "<group>"; };
		85E8CA912A39A61D00EBDE7F /* SignupTermsView.swift */ = {isa = PBXFileReference; lastKnownFileType = sourcecode.swift; path = SignupTermsView.swift; sourceTree = "<group>"; };
		85E8CA932A39A63F00EBDE7F /* SignupProfileNameView.swift */ = {isa = PBXFileReference; lastKnownFileType = sourcecode.swift; path = SignupProfileNameView.swift; sourceTree = "<group>"; };
		85E8CA952A39A65400EBDE7F /* SignupProfileImageView.swift */ = {isa = PBXFileReference; lastKnownFileType = sourcecode.swift; path = SignupProfileImageView.swift; sourceTree = "<group>"; };
		85E8CA972A39A68900EBDE7F /* SignupProfileInfoView.swift */ = {isa = PBXFileReference; lastKnownFileType = sourcecode.swift; path = SignupProfileInfoView.swift; sourceTree = "<group>"; };
		85E8CA9A2A39A6A800EBDE7F /* SignupViewModel.swift */ = {isa = PBXFileReference; lastKnownFileType = sourcecode.swift; path = SignupViewModel.swift; sourceTree = "<group>"; };
		85E8CAA12A3ACB2300EBDE7F /* SignupSocialViewModel.swift */ = {isa = PBXFileReference; lastKnownFileType = sourcecode.swift; path = SignupSocialViewModel.swift; sourceTree = "<group>"; };
		85E8CAA82A3AD74700EBDE7F /* SignupTermsViewModel.swift */ = {isa = PBXFileReference; lastKnownFileType = sourcecode.swift; path = SignupTermsViewModel.swift; sourceTree = "<group>"; };
		85E8CAAA2A3B108600EBDE7F /* SignupProfileNameViewModel.swift */ = {isa = PBXFileReference; lastKnownFileType = sourcecode.swift; path = SignupProfileNameViewModel.swift; sourceTree = "<group>"; };
		85E8CAAC2A3DEB7700EBDE7F /* SignupProfileImageViewModel.swift */ = {isa = PBXFileReference; lastKnownFileType = sourcecode.swift; path = SignupProfileImageViewModel.swift; sourceTree = "<group>"; };
		85E8CAAF2A3DEF2800EBDE7F /* RegisterationUser.swift */ = {isa = PBXFileReference; lastKnownFileType = sourcecode.swift; path = RegisterationUser.swift; sourceTree = "<group>"; };
		85E8CAB22A3DF64C00EBDE7F /* SignupProfileImageSelectOptionView.swift */ = {isa = PBXFileReference; lastKnownFileType = sourcecode.swift; path = SignupProfileImageSelectOptionView.swift; sourceTree = "<group>"; };
		85E8CAB72A3E0B3700EBDE7F /* SignupProfileImagePickerView.swift */ = {isa = PBXFileReference; lastKnownFileType = sourcecode.swift; path = SignupProfileImagePickerView.swift; sourceTree = "<group>"; };
		85F02B4B29F68E7F008DABCE /* TravelReportView.swift */ = {isa = PBXFileReference; lastKnownFileType = sourcecode.swift; path = TravelReportView.swift; sourceTree = "<group>"; };
		85F02B4D29F6906C008DABCE /* RegisterTravelReportView.swift */ = {isa = PBXFileReference; lastKnownFileType = sourcecode.swift; path = RegisterTravelReportView.swift; sourceTree = "<group>"; };
		85F02B5029F690F3008DABCE /* TravelNewsView.swift */ = {isa = PBXFileReference; lastKnownFileType = sourcecode.swift; path = TravelNewsView.swift; sourceTree = "<group>"; };
		85F02B5329F6913F008DABCE /* MypageView.swift */ = {isa = PBXFileReference; lastKnownFileType = sourcecode.swift; path = MypageView.swift; sourceTree = "<group>"; };
		85F03BE72A3EE4C900A0B931 /* SignupTermDetailModal.swift */ = {isa = PBXFileReference; lastKnownFileType = sourcecode.swift; path = SignupTermDetailModal.swift; sourceTree = "<group>"; };
		85F31B5A2A543A3500493B5F /* GetUserResponse.swift */ = {isa = PBXFileReference; lastKnownFileType = sourcecode.swift; path = GetUserResponse.swift; sourceTree = "<group>"; };
		9B026BF12AB59FDC00F6C81C /* APIable.swift */ = {isa = PBXFileReference; lastKnownFileType = sourcecode.swift; path = APIable.swift; sourceTree = "<group>"; };
		9B026BF32AB85A9000F6C81C /* APIManagerable.swift */ = {isa = PBXFileReference; lastKnownFileType = sourcecode.swift; path = APIManagerable.swift; sourceTree = "<group>"; };
		9B0696112AC7E63B00006A84 /* TBTravelNewsAPI.swift */ = {isa = PBXFileReference; lastKnownFileType = sourcecode.swift; path = TBTravelNewsAPI.swift; sourceTree = "<group>"; };
		9B0696142AC7EBC000006A84 /* TBArticlesAPIPath.swift */ = {isa = PBXFileReference; lastKnownFileType = sourcecode.swift; path = TBArticlesAPIPath.swift; sourceTree = "<group>"; };
		9B0696182ACE7D0600006A84 /* TravelNewsSortPopupView.swift */ = {isa = PBXFileReference; lastKnownFileType = sourcecode.swift; path = TravelNewsSortPopupView.swift; sourceTree = "<group>"; };
		9B06961D2AD7E4A100006A84 /* KakaoLocationSearchAPI.swift */ = {isa = PBXFileReference; lastKnownFileType = sourcecode.swift; path = KakaoLocationSearchAPI.swift; sourceTree = "<group>"; };
		9B0696222AD801C100006A84 /* Bundle+Extension.swift */ = {isa = PBXFileReference; lastKnownFileType = sourcecode.swift; path = "Bundle+Extension.swift"; sourceTree = "<group>"; };
		9B0696252AD81D1500006A84 /* LocationSearchResponse.swift */ = {isa = PBXFileReference; lastKnownFileType = sourcecode.swift; path = LocationSearchResponse.swift; sourceTree = "<group>"; };
		9B0696272ADBA6D000006A84 /* LocationInfo.swift */ = {isa = PBXFileReference; lastKnownFileType = sourcecode.swift; path = LocationInfo.swift; sourceTree = "<group>"; };
		9B0696292ADBAA4000006A84 /* TravelNewsSearchLocationViewModel.swift */ = {isa = PBXFileReference; lastKnownFileType = sourcecode.swift; path = TravelNewsSearchLocationViewModel.swift; sourceTree = "<group>"; };
		9B4F1F9A2AB184CB000747A9 /* TravelNewsListItemView.swift */ = {isa = PBXFileReference; lastKnownFileType = sourcecode.swift; path = TravelNewsListItemView.swift; sourceTree = "<group>"; };
		9B6C9FB62AAEE11C00206AFC /* RequestEditorBannerView.swift */ = {isa = PBXFileReference; fileEncoding = 4; lastKnownFileType = sourcecode.swift; path = RequestEditorBannerView.swift; sourceTree = "<group>"; };
		9B6C9FB72AAEE11C00206AFC /* RequestEditorGuideView.swift */ = {isa = PBXFileReference; fileEncoding = 4; lastKnownFileType = sourcecode.swift; path = RequestEditorGuideView.swift; sourceTree = "<group>"; };
		9B6C9FB82AAEE11C00206AFC /* EditorBenefitsView.swift */ = {isa = PBXFileReference; fileEncoding = 4; lastKnownFileType = sourcecode.swift; path = EditorBenefitsView.swift; sourceTree = "<group>"; };
		9B6C9FB92AAEE11C00206AFC /* RequestEditorView.swift */ = {isa = PBXFileReference; fileEncoding = 4; lastKnownFileType = sourcecode.swift; path = RequestEditorView.swift; sourceTree = "<group>"; };
		9B6C9FBA2AAEE11C00206AFC /* RequestEditorResultView.swift */ = {isa = PBXFileReference; fileEncoding = 4; lastKnownFileType = sourcecode.swift; path = RequestEditorResultView.swift; sourceTree = "<group>"; };
		9B9C74B92AE68AF0005B69AE /* OnboardingView.swift */ = {isa = PBXFileReference; lastKnownFileType = sourcecode.swift; path = OnboardingView.swift; sourceTree = "<group>"; };
		9B9C74CE2AE7A93C005B69AE /* TokenReissueResponse.swift */ = {isa = PBXFileReference; lastKnownFileType = sourcecode.swift; path = TokenReissueResponse.swift; sourceTree = "<group>"; };
		9B9C74D02AE7A9AE005B69AE /* OnboardingViewModel.swift */ = {isa = PBXFileReference; lastKnownFileType = sourcecode.swift; path = OnboardingViewModel.swift; sourceTree = "<group>"; };
		9BA39AE72AEA327200C5AEBC /* tripbookOnboardingLottie.json */ = {isa = PBXFileReference; fileEncoding = 4; lastKnownFileType = text.json; path = tripbookOnboardingLottie.json; sourceTree = "<group>"; };
		9BA39AEA2AF50AE600C5AEBC /* EditProfileView.swift */ = {isa = PBXFileReference; lastKnownFileType = sourcecode.swift; path = EditProfileView.swift; sourceTree = "<group>"; };
		9BB592DD2B045D8F00A6B80E /* MypageViewModel.swift */ = {isa = PBXFileReference; lastKnownFileType = sourcecode.swift; path = MypageViewModel.swift; sourceTree = "<group>"; };
		9BF5F6BC2ABC244E007E2063 /* TBNetworkError.swift */ = {isa = PBXFileReference; lastKnownFileType = sourcecode.swift; path = TBNetworkError.swift; sourceTree = "<group>"; };
		9D34D2392AF4EF3A006D60AC /* RegisterTravelNewsView.swift */ = {isa = PBXFileReference; lastKnownFileType = sourcecode.swift; path = RegisterTravelNewsView.swift; sourceTree = "<group>"; };
		DA7CF4CB2AFA9A7C00386B79 /* NSAttributedString+Extension.swift */ = {isa = PBXFileReference; lastKnownFileType = sourcecode.swift; path = "NSAttributedString+Extension.swift"; sourceTree = "<group>"; };
		DAC0E1842ACC888200AE41B4 /* TravelNewsPostViewModel.swift */ = {isa = PBXFileReference; fileEncoding = 4; lastKnownFileType = sourcecode.swift; path = TravelNewsPostViewModel.swift; sourceTree = "<group>"; };
/* End PBXFileReference section */

/* Begin PBXFrameworksBuildPhase section */
		8552BC2529DDCD8D00DC8D7E /* Frameworks */ = {
			isa = PBXFrameworksBuildPhase;
			buildActionMask = 2147483647;
			files = (
				85A6B14B2A6039A90050FF68 /* Kingfisher in Frameworks */,
				85F03BEB2A3EF5A000A0B931 /* Alamofire in Frameworks */,
				9B8964B32AAB02C100B6E3CA /* TBImagePicker in Frameworks */,
				9D34D2372AF4EE3C006D60AC /* SnapKit in Frameworks */,
				9D077C012AE655FA00FD37CA /* RichTextKit in Frameworks */,
				853EA91E2A46F363001890DE /* Auth0 in Frameworks */,
				9B9C74B62AE6899A005B69AE /* Lottie in Frameworks */,
			);
			runOnlyForDeploymentPostprocessing = 0;
		};
		8585F4622A12942A00C0A678 /* Frameworks */ = {
			isa = PBXFrameworksBuildPhase;
			buildActionMask = 2147483647;
			files = (
			);
			runOnlyForDeploymentPostprocessing = 0;
		};
/* End PBXFrameworksBuildPhase section */

/* Begin PBXGroup section */
		85338E1B29F81DB300E87792 /* Util */ = {
			isa = PBXGroup;
			children = (
				9B0696212AD801A400006A84 /* Extension */,
				9BF5F6BB2ABC2436007E2063 /* Error */,
				85A6B1332A58367A0050FF68 /* TBColorPalette.swift */,
				85A6B1312A58367A0050FF68 /* TBFont.swift */,
				85A6B1322A58367A0050FF68 /* TBIcon.swift */,
				85A6B1412A5C55E70050FF68 /* TBShadow.swift */,
				85C6F8332A18D44B00722ED1 /* DataStorage.swift */,
			);
			path = Util;
			sourceTree = "<group>";
		};
		85338E3029F8423200E87792 /* Component */ = {
			isa = PBXGroup;
			children = (
				85361DC02A0FFE1800B48B55 /* ToggleButton.swift */,
				85338E3129F8426800E87792 /* TravelReportItemView.swift */,
				85338E3329F8524000E87792 /* EventBannerView.swift */,
				85361DB82A0FCC2700B48B55 /* TooltipView.swift */,
				85C35B782A165CB000DB8E46 /* DocumentActionBar.swift */,
			);
			path = Component;
			sourceTree = "<group>";
		};
		85361DBA2A0FFB3D00B48B55 /* Component */ = {
			isa = PBXGroup;
			children = (
				8527A5782A036786003819B1 /* TravelReportItemViewModel.swift */,
			);
			path = Component;
			sourceTree = "<group>";
		};
		853EA9222A46F976001890DE /* Network */ = {
			isa = PBXGroup;
			children = (
				853EA9352A480FA8001890DE /* API */,
				853EA9272A46FC59001890DE /* Base */,
				853EA9232A46F98C001890DE /* Auth0Service.swift */,
			);
			path = Network;
			sourceTree = "<group>";
		};
		853EA9272A46FC59001890DE /* Base */ = {
			isa = PBXGroup;
			children = (
				853EA9302A480D38001890DE /* Path */,
				853EA9252A46FC43001890DE /* TBAPIManager.swift */,
				853EA9282A472888001890DE /* TBAuthInterceptor.swift */,
				853EA92A2A476841001890DE /* TBAPIEventLogger.swift */,
				9B026BF32AB85A9000F6C81C /* APIManagerable.swift */,
			);
			path = Base;
			sourceTree = "<group>";
		};
		853EA9302A480D38001890DE /* Path */ = {
			isa = PBXGroup;
			children = (
				853EA92E2A480D05001890DE /* TBAPIPath.swift */,
				9B0696142AC7EBC000006A84 /* TBArticlesAPIPath.swift */,
				853EA9312A480D4C001890DE /* TBMemberAPIPath.swift */,
				853EA9332A480E64001890DE /* TBAuthAPIPath.swift */,
			);
			path = Path;
			sourceTree = "<group>";
		};
		853EA9352A480FA8001890DE /* API */ = {
			isa = PBXGroup;
			children = (
				9B06961C2AD7E47100006A84 /* LocationSearch */,
				9B0696102AC7E60F00006A84 /* TravelNews */,
				9B026BF12AB59FDC00F6C81C /* APIable.swift */,
				85569CA42A4F8EAA00515DE3 /* Auth */,
				853EA9362A480FB4001890DE /* Member */,
			);
			path = API;
			sourceTree = "<group>";
		};
		853EA9362A480FB4001890DE /* Member */ = {
			isa = PBXGroup;
			children = (
				853EA9392A481159001890DE /* Model */,
				853EA9372A480FC7001890DE /* TBMemberAPI.swift */,
			);
			path = Member;
			sourceTree = "<group>";
		};
		853EA9392A481159001890DE /* Model */ = {
			isa = PBXGroup;
			children = (
				853EA93E2A481489001890DE /* NicknameValidationResponse.swift */,
				85569CB32A50780400515DE3 /* SignupRequest.swift */,
				85569CB52A5079F900515DE3 /* SignupResponse.swift */,
				85F31B5A2A543A3500493B5F /* GetUserResponse.swift */,
				9B9C74CE2AE7A93C005B69AE /* TokenReissueResponse.swift */,
			);
			path = Model;
			sourceTree = "<group>";
		};
		8552BC1F29DDCD8D00DC8D7E = {
			isa = PBXGroup;
			children = (
				853EA91F2A46F3D3001890DE /* Auth0.plist */,
				85338E3829F8837C00E87792 /* .gitignore */,
				85338E3629F8836F00E87792 /* .gitattributes */,
				8552BC2A29DDCD8D00DC8D7E /* ios-tripbook */,
				8585F4662A12942A00C0A678 /* TripBookTests */,
				8552BC2929DDCD8D00DC8D7E /* Products */,
			);
			sourceTree = "<group>";
		};
		8552BC2929DDCD8D00DC8D7E /* Products */ = {
			isa = PBXGroup;
			children = (
				8552BC2829DDCD8D00DC8D7E /* ios-tripbook.app */,
				8585F4652A12942A00C0A678 /* TripBookTests.xctest */,
			);
			name = Products;
			sourceTree = "<group>";
		};
		8552BC2A29DDCD8D00DC8D7E /* ios-tripbook */ = {
			isa = PBXGroup;
			children = (
				85338E2B29F828EC00E87792 /* Info.plist */,
				8588E32129EE49A900746B23 /* ios-tripbook.entitlements */,
				85B6EE5629DDD29700898B48 /* View */,
				85B6EE5729DDD2A300898B48 /* ViewModel */,
				85B6EE5829DDD2B800898B48 /* Model */,
				853EA9222A46F976001890DE /* Network */,
				85A6B11B2A5836060050FF68 /* Component */,
				85338E1B29F81DB300E87792 /* Util */,
				85A6B11D2A58362F0050FF68 /* Resource */,
				8552BC3129DDCD8E00DC8D7E /* Preview Content */,
			);
			path = "ios-tripbook";
			sourceTree = "<group>";
		};
		8552BC3129DDCD8E00DC8D7E /* Preview Content */ = {
			isa = PBXGroup;
			children = (
				8552BC3229DDCD8E00DC8D7E /* Preview Assets.xcassets */,
			);
			path = "Preview Content";
			sourceTree = "<group>";
		};
		85569CA42A4F8EAA00515DE3 /* Auth */ = {
			isa = PBXGroup;
			children = (
				85569CA72A4FFBA200515DE3 /* Model */,
				85569CA52A4F8EC000515DE3 /* TBAuthAPI.swift */,
			);
			path = Auth;
			sourceTree = "<group>";
		};
		85569CA72A4FFBA200515DE3 /* Model */ = {
			isa = PBXGroup;
			children = (
				85569CAA2A4FFD5700515DE3 /* AuthenticationResponse.swift */,
			);
			path = Model;
			sourceTree = "<group>";
		};
		8585F4662A12942A00C0A678 /* TripBookTests */ = {
			isa = PBXGroup;
			children = (
				8585F4672A12942A00C0A678 /* TripBookTests.swift */,
			);
			path = TripBookTests;
			sourceTree = "<group>";
		};
		8585F4742A13E90500C0A678 /* TravelNews */ = {
			isa = PBXGroup;
			children = (
				85C6F8372A1A012C00722ED1 /*  RequestEditor */,
				8585F4752A13E91C00C0A678 /* TravelNewsViewModel.swift */,
				8585F4792A15E89F00C0A678 /* TravelNewsItemViewModel.swift */,
				8585F47B2A15ECBB00C0A678 /* MyTravelNewsItemViewModel.swift */,
				9B0696292ADBAA4000006A84 /* TravelNewsSearchLocationViewModel.swift */,
			);
			path = TravelNews;
			sourceTree = "<group>";
		};
		85A6B11B2A5836060050FF68 /* Component */ = {
			isa = PBXGroup;
			children = (
				85A6B13A2A58368C0050FF68 /* TBAppBar.swift */,
				85A6B1372A58368C0050FF68 /* TBCheckBox.swift */,
				85A6B1392A58368C0050FF68 /* TBPrimaryButton.swift */,
				85A6B1382A58368C0050FF68 /* TBTextField.swift */,
				85A6B13F2A5C53E00050FF68 /* TBAvatar.swift */,
				85A6B1432A5C5E210050FF68 /* TBSearchBar.swift */,
				85A6B1452A5C61590050FF68 /* TBTag.swift */,
				858681C02A63038000072B52 /* TBPopup.swift */,
			);
			path = Component;
			sourceTree = "<group>";
		};
		85A6B11D2A58362F0050FF68 /* Resource */ = {
			isa = PBXGroup;
			children = (
				9BA39AE72AEA327200C5AEBC /* tripbookOnboardingLottie.json */,
				8552BC2F29DDCD8E00DC8D7E /* Assets.xcassets */,
				85A6B11E2A5836360050FF68 /* Font */,
			);
			path = Resource;
			sourceTree = "<group>";
		};
		85A6B11E2A5836360050FF68 /* Font */ = {
			isa = PBXGroup;
			children = (
				85A6B11F2A58364C0050FF68 /* SUIT-Bold.otf */,
				85A6B1242A58364C0050FF68 /* SUIT-ExtraBold.otf */,
				85A6B1202A58364C0050FF68 /* SUIT-ExtraLight.otf */,
				85A6B1212A58364C0050FF68 /* SUIT-Heavy.otf */,
				85A6B1252A58364C0050FF68 /* SUIT-Light.otf */,
				85A6B1222A58364C0050FF68 /* SUIT-Medium.otf */,
				85A6B1262A58364D0050FF68 /* SUIT-Regular.otf */,
				85A6B1272A58364D0050FF68 /* SUIT-SemiBold.otf */,
				85A6B1232A58364C0050FF68 /* SUIT-Thin.otf */,
			);
			path = Font;
			sourceTree = "<group>";
		};
		85B6EE5629DDD29700898B48 /* View */ = {
			isa = PBXGroup;
			children = (
				8552BC2B29DDCD8D00DC8D7E /* AppView.swift */,
				8552BC2D29DDCD8D00DC8D7E /* RootView.swift */,
				85E8CA8E2A39A57A00EBDE7F /* Signup */,
				85338E3029F8423200E87792 /* Component */,
				85F02B5229F69132008DABCE /* Mypage */,
				85F02B4F29F690DE008DABCE /* TravelNews */,
				9D34D2382AF4EF0A006D60AC /* RegisterTravelNews */,
				85F02B4A29F68E69008DABCE /* TravelReport */,
				858681BE2A62F56F00072B52 /* NotificationView.swift */,
				9B9C74B92AE68AF0005B69AE /* OnboardingView.swift */,
			);
			path = View;
			sourceTree = "<group>";
		};
		85B6EE5729DDD2A300898B48 /* ViewModel */ = {
			isa = PBXGroup;
			children = (
				9BB592DC2B045D7900A6B80E /* Mypage */,
				8585F42F2A10FE0200C0A678 /* RootViewModel.swift */,
				DAC0E1832ACC888200AE41B4 /* Editor */,
				85E8CA992A39A69200EBDE7F /* Signup */,
				8585F4742A13E90500C0A678 /* TravelNews */,
				85361DBA2A0FFB3D00B48B55 /* Component */,
				85CF962E2A63E70A000725DD /* NotificationViewModel.swift */,
				9B9C74D02AE7A9AE005B69AE /* OnboardingViewModel.swift */,
			);
			path = ViewModel;
			sourceTree = "<group>";
		};
		85B6EE5829DDD2B800898B48 /* Model */ = {
			isa = PBXGroup;
			children = (
				85E8CAAE2A3DEEEC00EBDE7F /* Signup */,
				8527A5762A0366B6003819B1 /* TravelReportModel.swift */,
				85361DBD2A0FFC1C00B48B55 /* TravelNewsModel.swift */,
				85C35B742A16594500DB8E46 /* DocumentModel.swift */,
				85C35B762A1659AE00DB8E46 /* User.swift */,
				9B0696272ADBA6D000006A84 /* LocationInfo.swift */,
			);
			path = Model;
			sourceTree = "<group>";
		};
		85C35B7A2A1683A300DB8E46 /* Editor */ = {
			isa = PBXGroup;
			children = (
				85A6B1472A6038D60050FF68 /* TravelNewsEditorListView.swift */,
				85CF96322A64324D000725DD /* TravelNewsPostView.swift */,
				850E29B52A7F3A85000EB5B2 /* TravelNewsSearchLocationView.swift */,
				85A737192A7F3FC400DA0DDB /* TravelNewsTemporaryStorageListView.swift */,
			);
			path = Editor;
			sourceTree = "<group>";
		};
		85C6F8372A1A012C00722ED1 /*  RequestEditor */ = {
			isa = PBXGroup;
			children = (
				85C6F8382A1A013D00722ED1 /* RequestEditorViewModel.swift */,
			);
			path = " RequestEditor";
			sourceTree = "<group>";
		};
		85E8CA8E2A39A57A00EBDE7F /* Signup */ = {
			isa = PBXGroup;
			children = (
				85E8CA8F2A39A5F600EBDE7F /* SignupSocialView.swift */,
				85F03BE62A3EE49E00A0B931 /* Terms */,
				85E8CA932A39A63F00EBDE7F /* SignupProfileNameView.swift */,
				85E8CAB12A3DF58C00EBDE7F /* Profile Image Views */,
				85E8CA972A39A68900EBDE7F /* SignupProfileInfoView.swift */,
				85569CB12A5071B400515DE3 /* SignupCompletionView.swift */,
			);
			path = Signup;
			sourceTree = "<group>";
		};
		85E8CA992A39A69200EBDE7F /* Signup */ = {
			isa = PBXGroup;
			children = (
				85E8CA9A2A39A6A800EBDE7F /* SignupViewModel.swift */,
				85E8CAA12A3ACB2300EBDE7F /* SignupSocialViewModel.swift */,
				85E8CAA82A3AD74700EBDE7F /* SignupTermsViewModel.swift */,
				85E8CAAA2A3B108600EBDE7F /* SignupProfileNameViewModel.swift */,
				85E8CAB42A3DF6EC00EBDE7F /* Signup Profile Image */,
				85C05C8F2A3E246F006758EF /* SignupProfileInfoViewModel.swift */,
			);
			path = Signup;
			sourceTree = "<group>";
		};
		85E8CAAE2A3DEEEC00EBDE7F /* Signup */ = {
			isa = PBXGroup;
			children = (
				85E8CAAF2A3DEF2800EBDE7F /* RegisterationUser.swift */,
				85569CAF2A50084000515DE3 /* AuthenticationResult.swift */,
			);
			path = Signup;
			sourceTree = "<group>";
		};
		85E8CAB12A3DF58C00EBDE7F /* Profile Image Views */ = {
			isa = PBXGroup;
			children = (
				85E8CA952A39A65400EBDE7F /* SignupProfileImageView.swift */,
				85E8CAB22A3DF64C00EBDE7F /* SignupProfileImageSelectOptionView.swift */,
				85E8CAB72A3E0B3700EBDE7F /* SignupProfileImagePickerView.swift */,
			);
			path = "Profile Image Views";
			sourceTree = "<group>";
		};
		85E8CAB42A3DF6EC00EBDE7F /* Signup Profile Image */ = {
			isa = PBXGroup;
			children = (
				85E8CAAC2A3DEB7700EBDE7F /* SignupProfileImageViewModel.swift */,
			);
			path = "Signup Profile Image";
			sourceTree = "<group>";
		};
		85F02B4A29F68E69008DABCE /* TravelReport */ = {
			isa = PBXGroup;
			children = (
				85F02B4B29F68E7F008DABCE /* TravelReportView.swift */,
				85F02B4D29F6906C008DABCE /* RegisterTravelReportView.swift */,
			);
			path = TravelReport;
			sourceTree = "<group>";
		};
		85F02B4F29F690DE008DABCE /* TravelNews */ = {
			isa = PBXGroup;
			children = (
				9B6C9FB52AAEE11C00206AFC /* RequestEditor */,
				85C35B7A2A1683A300DB8E46 /* Editor */,
				85F02B5029F690F3008DABCE /* TravelNewsView.swift */,
				9B0696182ACE7D0600006A84 /* TravelNewsSortPopupView.swift */,
				8585F46E2A12990A00C0A678 /* TravelNewsHeaderView.swift */,
				8585F4722A12A14800C0A678 /* TravelNewsItemView.swift */,
				8585F4772A13EF2400C0A678 /* MyTravelNewsItemView.swift */,
				858681BA2A62E3D300072B52 /* TravelNewsListView.swift */,
				9B4F1F9A2AB184CB000747A9 /* TravelNewsListItemView.swift */,
				858681BC2A62EFE700072B52 /* TravelNewsEditorListDetailView.swift */,
			);
			path = TravelNews;
			sourceTree = "<group>";
		};
		85F02B5229F69132008DABCE /* Mypage */ = {
			isa = PBXGroup;
			children = (
				85F02B5329F6913F008DABCE /* MypageView.swift */,
				9BA39AEA2AF50AE600C5AEBC /* EditProfileView.swift */,
			);
			path = Mypage;
			sourceTree = "<group>";
		};
		85F03BE62A3EE49E00A0B931 /* Terms */ = {
			isa = PBXGroup;
			children = (
				85E8CA912A39A61D00EBDE7F /* SignupTermsView.swift */,
				85F03BE72A3EE4C900A0B931 /* SignupTermDetailModal.swift */,
			);
			path = Terms;
			sourceTree = "<group>";
		};
		9B0696102AC7E60F00006A84 /* TravelNews */ = {
			isa = PBXGroup;
			children = (
				9B0696132AC7E63F00006A84 /* Model */,
				9B0696112AC7E63B00006A84 /* TBTravelNewsAPI.swift */,
			);
			path = TravelNews;
			sourceTree = "<group>";
		};
		9B0696132AC7E63F00006A84 /* Model */ = {
			isa = PBXGroup;
			children = (
			);
			path = Model;
			sourceTree = "<group>";
		};
		9B06961C2AD7E47100006A84 /* LocationSearch */ = {
			isa = PBXGroup;
			children = (
				9B0696242AD81CD700006A84 /* Model */,
				9B06961D2AD7E4A100006A84 /* KakaoLocationSearchAPI.swift */,
			);
			path = LocationSearch;
			sourceTree = "<group>";
		};
		9B0696212AD801A400006A84 /* Extension */ = {
			isa = PBXGroup;
			children = (
				9B0696222AD801C100006A84 /* Bundle+Extension.swift */,
				DA7CF4CB2AFA9A7C00386B79 /* NSAttributedString+Extension.swift */,
			);
			path = Extension;
			sourceTree = "<group>";
		};
		9B0696242AD81CD700006A84 /* Model */ = {
			isa = PBXGroup;
			children = (
				9B0696252AD81D1500006A84 /* LocationSearchResponse.swift */,
			);
			path = Model;
			sourceTree = "<group>";
		};
		9B6C9FB52AAEE11C00206AFC /* RequestEditor */ = {
			isa = PBXGroup;
			children = (
				9B6C9FB62AAEE11C00206AFC /* RequestEditorBannerView.swift */,
				9B6C9FB72AAEE11C00206AFC /* RequestEditorGuideView.swift */,
				9B6C9FB82AAEE11C00206AFC /* EditorBenefitsView.swift */,
				9B6C9FB92AAEE11C00206AFC /* RequestEditorView.swift */,
				9B6C9FBA2AAEE11C00206AFC /* RequestEditorResultView.swift */,
			);
			path = RequestEditor;
			sourceTree = "<group>";
		};
		9BB592DC2B045D7900A6B80E /* Mypage */ = {
			isa = PBXGroup;
			children = (
				9BB592DD2B045D8F00A6B80E /* MypageViewModel.swift */,
			);
			path = Mypage;
			sourceTree = "<group>";
		};
		9BF5F6BB2ABC2436007E2063 /* Error */ = {
			isa = PBXGroup;
			children = (
				9BF5F6BC2ABC244E007E2063 /* TBNetworkError.swift */,
			);
			path = Error;
			sourceTree = "<group>";
		};
		9D34D2382AF4EF0A006D60AC /* RegisterTravelNews */ = {
			isa = PBXGroup;
			children = (
				9D34D2392AF4EF3A006D60AC /* RegisterTravelNewsView.swift */,
			);
			path = RegisterTravelNews;
			sourceTree = "<group>";
		};
		DAC0E1832ACC888200AE41B4 /* Editor */ = {
			isa = PBXGroup;
			children = (
				DAC0E1842ACC888200AE41B4 /* TravelNewsPostViewModel.swift */,
			);
			path = Editor;
			sourceTree = "<group>";
		};
/* End PBXGroup section */

/* Begin PBXNativeTarget section */
		8552BC2729DDCD8D00DC8D7E /* ios-tripbook */ = {
			isa = PBXNativeTarget;
			buildConfigurationList = 8552BC3629DDCD8E00DC8D7E /* Build configuration list for PBXNativeTarget "ios-tripbook" */;
			buildPhases = (
				8552BC2429DDCD8D00DC8D7E /* Sources */,
				8552BC2529DDCD8D00DC8D7E /* Frameworks */,
				8552BC2629DDCD8D00DC8D7E /* Resources */,
			);
			buildRules = (
			);
			dependencies = (
			);
			name = "ios-tripbook";
			packageProductDependencies = (
				85F03BEA2A3EF5A000A0B931 /* Alamofire */,
				853EA91D2A46F363001890DE /* Auth0 */,
				9B8964B22AAB02C100B6E3CA /* TBImagePicker */,
				85A6B14A2A6039A90050FF68 /* Kingfisher */,
				9D077C002AE655FA00FD37CA /* RichTextKit */,
				9B9C74B52AE6899A005B69AE /* Lottie */,
				9D34D2362AF4EE3C006D60AC /* SnapKit */,
			);
			productName = "ios-tripbook";
			productReference = 8552BC2829DDCD8D00DC8D7E /* ios-tripbook.app */;
			productType = "com.apple.product-type.application";
		};
		8585F4642A12942A00C0A678 /* TripBookTests */ = {
			isa = PBXNativeTarget;
			buildConfigurationList = 8585F46D2A12942A00C0A678 /* Build configuration list for PBXNativeTarget "TripBookTests" */;
			buildPhases = (
				8585F4612A12942A00C0A678 /* Sources */,
				8585F4622A12942A00C0A678 /* Frameworks */,
				8585F4632A12942A00C0A678 /* Resources */,
			);
			buildRules = (
			);
			dependencies = (
				8585F46A2A12942A00C0A678 /* PBXTargetDependency */,
			);
			name = TripBookTests;
			productName = TripBookTests;
			productReference = 8585F4652A12942A00C0A678 /* TripBookTests.xctest */;
			productType = "com.apple.product-type.bundle.unit-test";
		};
/* End PBXNativeTarget section */

/* Begin PBXProject section */
		8552BC2029DDCD8D00DC8D7E /* Project object */ = {
			isa = PBXProject;
			attributes = {
				BuildIndependentTargetsInParallel = 1;
				LastSwiftUpdateCheck = 1430;
				LastUpgradeCheck = 1500;
				TargetAttributes = {
					8552BC2729DDCD8D00DC8D7E = {
						CreatedOnToolsVersion = 14.3;
					};
					8585F4642A12942A00C0A678 = {
						CreatedOnToolsVersion = 14.3;
						TestTargetID = 8552BC2729DDCD8D00DC8D7E;
					};
				};
			};
			buildConfigurationList = 8552BC2329DDCD8D00DC8D7E /* Build configuration list for PBXProject "ios-tripbook" */;
			compatibilityVersion = "Xcode 14.0";
			developmentRegion = ko;
			hasScannedForEncodings = 0;
			knownRegions = (
				Base,
				ko,
			);
			mainGroup = 8552BC1F29DDCD8D00DC8D7E;
			packageReferences = (
				85F03BE92A3EF5A000A0B931 /* XCRemoteSwiftPackageReference "Alamofire" */,
				853EA91C2A46F363001890DE /* XCRemoteSwiftPackageReference "Auth0" */,
				9B8964B12AAB02C100B6E3CA /* XCRemoteSwiftPackageReference "iOS-TripBook-ImagePicker-Package" */,
				85A6B1492A6039A90050FF68 /* XCRemoteSwiftPackageReference "Kingfisher" */,
				9D077BFF2AE655FA00FD37CA /* XCRemoteSwiftPackageReference "RichTextKit" */,
				9B9C74B42AE6899A005B69AE /* XCRemoteSwiftPackageReference "lottie-ios" */,
				9D34D2352AF4EE3C006D60AC /* XCRemoteSwiftPackageReference "SnapKit" */,
			);
			productRefGroup = 8552BC2929DDCD8D00DC8D7E /* Products */;
			projectDirPath = "";
			projectRoot = "";
			targets = (
				8552BC2729DDCD8D00DC8D7E /* ios-tripbook */,
				8585F4642A12942A00C0A678 /* TripBookTests */,
			);
		};
/* End PBXProject section */

/* Begin PBXResourcesBuildPhase section */
		8552BC2629DDCD8D00DC8D7E /* Resources */ = {
			isa = PBXResourcesBuildPhase;
			buildActionMask = 2147483647;
			files = (
				85A6B1292A58364D0050FF68 /* SUIT-ExtraLight.otf in Resources */,
				85A6B12D2A58364D0050FF68 /* SUIT-ExtraBold.otf in Resources */,
				85338E3929F8837C00E87792 /* .gitignore in Resources */,
				85A6B12E2A58364D0050FF68 /* SUIT-Light.otf in Resources */,
				85338E3729F8836F00E87792 /* .gitattributes in Resources */,
				85A6B12B2A58364D0050FF68 /* SUIT-Medium.otf in Resources */,
				8552BC3329DDCD8E00DC8D7E /* Preview Assets.xcassets in Resources */,
				85A6B12F2A58364D0050FF68 /* SUIT-Regular.otf in Resources */,
				85A6B12A2A58364D0050FF68 /* SUIT-Heavy.otf in Resources */,
				85A6B1282A58364D0050FF68 /* SUIT-Bold.otf in Resources */,
				85A6B12C2A58364D0050FF68 /* SUIT-Thin.otf in Resources */,
				85A6B1302A58364D0050FF68 /* SUIT-SemiBold.otf in Resources */,
				853EA9202A46F3D3001890DE /* Auth0.plist in Resources */,
				8552BC3029DDCD8E00DC8D7E /* Assets.xcassets in Resources */,
				9BA39AE82AEA327200C5AEBC /* tripbookOnboardingLottie.json in Resources */,
			);
			runOnlyForDeploymentPostprocessing = 0;
		};
		8585F4632A12942A00C0A678 /* Resources */ = {
			isa = PBXResourcesBuildPhase;
			buildActionMask = 2147483647;
			files = (
			);
			runOnlyForDeploymentPostprocessing = 0;
		};
/* End PBXResourcesBuildPhase section */

/* Begin PBXSourcesBuildPhase section */
		8552BC2429DDCD8D00DC8D7E /* Sources */ = {
			isa = PBXSourcesBuildPhase;
			buildActionMask = 2147483647;
			files = (
				9B6C9FBC2AAEE11C00206AFC /* RequestEditorGuideView.swift in Sources */,
				85E8CA942A39A63F00EBDE7F /* SignupProfileNameView.swift in Sources */,
				85A6B1352A58367A0050FF68 /* TBIcon.swift in Sources */,
				85A6B13D2A58368C0050FF68 /* TBPrimaryButton.swift in Sources */,
				858681C12A63038000072B52 /* TBPopup.swift in Sources */,
				9B0696262AD81D1500006A84 /* LocationSearchResponse.swift in Sources */,
				858681BF2A62F56F00072B52 /* NotificationView.swift in Sources */,
				8585F4782A13EF2400C0A678 /* MyTravelNewsItemView.swift in Sources */,
				85A6B1482A6038D60050FF68 /* TravelNewsEditorListView.swift in Sources */,
				85C6F8392A1A013D00722ED1 /* RequestEditorViewModel.swift in Sources */,
				9B0696122AC7E63B00006A84 /* TBTravelNewsAPI.swift in Sources */,
				853EA9322A480D4C001890DE /* TBMemberAPIPath.swift in Sources */,
				853EA9382A480FC7001890DE /* TBMemberAPI.swift in Sources */,
				8527A5772A0366B6003819B1 /* TravelReportModel.swift in Sources */,
				85C6F8342A18D44B00722ED1 /* DataStorage.swift in Sources */,
				85F02B5129F690F3008DABCE /* TravelNewsView.swift in Sources */,
				9B4F1F9B2AB184CB000747A9 /* TravelNewsListItemView.swift in Sources */,
				8585F46F2A12990A00C0A678 /* TravelNewsHeaderView.swift in Sources */,
				8585F47A2A15E89F00C0A678 /* TravelNewsItemViewModel.swift in Sources */,
				85569CB62A5079F900515DE3 /* SignupResponse.swift in Sources */,
				850E29B62A7F3A85000EB5B2 /* TravelNewsSearchLocationView.swift in Sources */,
				9B6C9FBD2AAEE11C00206AFC /* EditorBenefitsView.swift in Sources */,
				853EA92B2A476841001890DE /* TBAPIEventLogger.swift in Sources */,
				85361DC12A0FFE1800B48B55 /* ToggleButton.swift in Sources */,
				85C35B792A165CB000DB8E46 /* DocumentActionBar.swift in Sources */,
				9BF5F6BD2ABC244E007E2063 /* TBNetworkError.swift in Sources */,
				85569CB02A50084000515DE3 /* AuthenticationResult.swift in Sources */,
				85C35B752A16594500DB8E46 /* DocumentModel.swift in Sources */,
				9BA39AEB2AF50AE600C5AEBC /* EditProfileView.swift in Sources */,
				85A6B13E2A58368C0050FF68 /* TBAppBar.swift in Sources */,
				85A6B1402A5C53E00050FF68 /* TBAvatar.swift in Sources */,
				85C35B772A1659AE00DB8E46 /* User.swift in Sources */,
				85569CB42A50780400515DE3 /* SignupRequest.swift in Sources */,
				85338E3429F8524000E87792 /* EventBannerView.swift in Sources */,
				85E8CA902A39A5F600EBDE7F /* SignupSocialView.swift in Sources */,
				85569CAB2A4FFD5700515DE3 /* AuthenticationResponse.swift in Sources */,
				9B0696232AD801C100006A84 /* Bundle+Extension.swift in Sources */,
				85361DB92A0FCC2700B48B55 /* TooltipView.swift in Sources */,
				85A6B13C2A58368C0050FF68 /* TBTextField.swift in Sources */,
				8585F47C2A15ECBB00C0A678 /* MyTravelNewsItemViewModel.swift in Sources */,
				85E8CAAD2A3DEB7700EBDE7F /* SignupProfileImageViewModel.swift in Sources */,
				85E8CAA92A3AD74700EBDE7F /* SignupTermsViewModel.swift in Sources */,
				85A7371A2A7F3FC400DA0DDB /* TravelNewsTemporaryStorageListView.swift in Sources */,
				85A6B1342A58367A0050FF68 /* TBFont.swift in Sources */,
				85CF962F2A63E70A000725DD /* NotificationViewModel.swift in Sources */,
				85C05C902A3E246F006758EF /* SignupProfileInfoViewModel.swift in Sources */,
				85CF96332A64324D000725DD /* TravelNewsPostView.swift in Sources */,
				853EA9292A472888001890DE /* TBAuthInterceptor.swift in Sources */,
				858681BD2A62EFE700072B52 /* TravelNewsEditorListDetailView.swift in Sources */,
				9B6C9FBF2AAEE11C00206AFC /* RequestEditorResultView.swift in Sources */,
				9B0696282ADBA6D000006A84 /* LocationInfo.swift in Sources */,
				85A6B1462A5C61590050FF68 /* TBTag.swift in Sources */,
				85569CB22A5071B400515DE3 /* SignupCompletionView.swift in Sources */,
				9B026BF22AB59FDC00F6C81C /* APIable.swift in Sources */,
				8552BC2E29DDCD8D00DC8D7E /* RootView.swift in Sources */,
				9D34D23A2AF4EF3A006D60AC /* RegisterTravelNewsView.swift in Sources */,
				85361DBE2A0FFC1C00B48B55 /* TravelNewsModel.swift in Sources */,
				85E8CAB82A3E0B3700EBDE7F /* SignupProfileImagePickerView.swift in Sources */,
				8585F4732A12A14800C0A678 /* TravelNewsItemView.swift in Sources */,
				85F02B4E29F6906C008DABCE /* RegisterTravelReportView.swift in Sources */,
				85338E3229F8426800E87792 /* TravelReportItemView.swift in Sources */,
				85A6B13B2A58368C0050FF68 /* TBCheckBox.swift in Sources */,
				85F31B5B2A543A3500493B5F /* GetUserResponse.swift in Sources */,
				9B0696192ACE7D0600006A84 /* TravelNewsSortPopupView.swift in Sources */,
				85F02B4C29F68E7F008DABCE /* TravelReportView.swift in Sources */,
				9B06961E2AD7E4A100006A84 /* KakaoLocationSearchAPI.swift in Sources */,
				858681BB2A62E3D300072B52 /* TravelNewsListView.swift in Sources */,
				9B6C9FBE2AAEE11C00206AFC /* RequestEditorView.swift in Sources */,
				853EA9242A46F98C001890DE /* Auth0Service.swift in Sources */,
				85569CA62A4F8EC000515DE3 /* TBAuthAPI.swift in Sources */,
				85A6B1442A5C5E210050FF68 /* TBSearchBar.swift in Sources */,
				853EA9342A480E64001890DE /* TBAuthAPIPath.swift in Sources */,
				85E8CAAB2A3B108600EBDE7F /* SignupProfileNameViewModel.swift in Sources */,
				853EA92F2A480D05001890DE /* TBAPIPath.swift in Sources */,
				85E8CAB02A3DEF2800EBDE7F /* RegisterationUser.swift in Sources */,
				8585F4302A10FE0200C0A678 /* RootViewModel.swift in Sources */,
				9B9C74CF2AE7A93C005B69AE /* TokenReissueResponse.swift in Sources */,
				85E8CAA22A3ACB2300EBDE7F /* SignupSocialViewModel.swift in Sources */,
				853EA9262A46FC43001890DE /* TBAPIManager.swift in Sources */,
				85F03BE82A3EE4C900A0B931 /* SignupTermDetailModal.swift in Sources */,
				9B06962A2ADBAA4000006A84 /* TravelNewsSearchLocationViewModel.swift in Sources */,
				85A6B1422A5C55E70050FF68 /* TBShadow.swift in Sources */,
				9BB592DE2B045D8F00A6B80E /* MypageViewModel.swift in Sources */,
				853EA93F2A481489001890DE /* NicknameValidationResponse.swift in Sources */,
				85F02B5429F6913F008DABCE /* MypageView.swift in Sources */,
				85E8CA922A39A61D00EBDE7F /* SignupTermsView.swift in Sources */,
				85A6B1362A58367A0050FF68 /* TBColorPalette.swift in Sources */,
				DAC0E1852ACC888200AE41B4 /* TravelNewsPostViewModel.swift in Sources */,
				85E8CA9B2A39A6A800EBDE7F /* SignupViewModel.swift in Sources */,
				85E8CA982A39A68900EBDE7F /* SignupProfileInfoView.swift in Sources */,
				9B0696152AC7EBC000006A84 /* TBArticlesAPIPath.swift in Sources */,
				9B9C74D12AE7A9AE005B69AE /* OnboardingViewModel.swift in Sources */,
				DA7CF4CC2AFA9A7C00386B79 /* NSAttributedString+Extension.swift in Sources */,
				9B026BF42AB85A9000F6C81C /* APIManagerable.swift in Sources */,
				9B9C74BA2AE68AF0005B69AE /* OnboardingView.swift in Sources */,
				85E8CA962A39A65400EBDE7F /* SignupProfileImageView.swift in Sources */,
				8527A5792A036786003819B1 /* TravelReportItemViewModel.swift in Sources */,
				9B6C9FBB2AAEE11C00206AFC /* RequestEditorBannerView.swift in Sources */,
				8552BC2C29DDCD8D00DC8D7E /* AppView.swift in Sources */,
				8585F4762A13E91C00C0A678 /* TravelNewsViewModel.swift in Sources */,
				85E8CAB32A3DF64C00EBDE7F /* SignupProfileImageSelectOptionView.swift in Sources */,
			);
			runOnlyForDeploymentPostprocessing = 0;
		};
		8585F4612A12942A00C0A678 /* Sources */ = {
			isa = PBXSourcesBuildPhase;
			buildActionMask = 2147483647;
			files = (
				8585F4682A12942A00C0A678 /* TripBookTests.swift in Sources */,
			);
			runOnlyForDeploymentPostprocessing = 0;
		};
/* End PBXSourcesBuildPhase section */

/* Begin PBXTargetDependency section */
		8585F46A2A12942A00C0A678 /* PBXTargetDependency */ = {
			isa = PBXTargetDependency;
			target = 8552BC2729DDCD8D00DC8D7E /* ios-tripbook */;
			targetProxy = 8585F4692A12942A00C0A678 /* PBXContainerItemProxy */;
		};
/* End PBXTargetDependency section */

/* Begin XCBuildConfiguration section */
		8552BC3429DDCD8E00DC8D7E /* Debug */ = {
			isa = XCBuildConfiguration;
			buildSettings = {
				ALWAYS_SEARCH_USER_PATHS = NO;
				CLANG_ANALYZER_NONNULL = YES;
				CLANG_ANALYZER_NUMBER_OBJECT_CONVERSION = YES_AGGRESSIVE;
				CLANG_CXX_LANGUAGE_STANDARD = "gnu++20";
				CLANG_ENABLE_MODULES = YES;
				CLANG_ENABLE_OBJC_ARC = YES;
				CLANG_ENABLE_OBJC_WEAK = YES;
				CLANG_WARN_BLOCK_CAPTURE_AUTORELEASING = YES;
				CLANG_WARN_BOOL_CONVERSION = YES;
				CLANG_WARN_COMMA = YES;
				CLANG_WARN_CONSTANT_CONVERSION = YES;
				CLANG_WARN_DEPRECATED_OBJC_IMPLEMENTATIONS = YES;
				CLANG_WARN_DIRECT_OBJC_ISA_USAGE = YES_ERROR;
				CLANG_WARN_DOCUMENTATION_COMMENTS = YES;
				CLANG_WARN_EMPTY_BODY = YES;
				CLANG_WARN_ENUM_CONVERSION = YES;
				CLANG_WARN_INFINITE_RECURSION = YES;
				CLANG_WARN_INT_CONVERSION = YES;
				CLANG_WARN_NON_LITERAL_NULL_CONVERSION = YES;
				CLANG_WARN_OBJC_IMPLICIT_RETAIN_SELF = YES;
				CLANG_WARN_OBJC_LITERAL_CONVERSION = YES;
				CLANG_WARN_OBJC_ROOT_CLASS = YES_ERROR;
				CLANG_WARN_QUOTED_INCLUDE_IN_FRAMEWORK_HEADER = YES;
				CLANG_WARN_RANGE_LOOP_ANALYSIS = YES;
				CLANG_WARN_STRICT_PROTOTYPES = YES;
				CLANG_WARN_SUSPICIOUS_MOVE = YES;
				CLANG_WARN_UNGUARDED_AVAILABILITY = YES_AGGRESSIVE;
				CLANG_WARN_UNREACHABLE_CODE = YES;
				CLANG_WARN__DUPLICATE_METHOD_MATCH = YES;
				COPY_PHASE_STRIP = NO;
				DEBUG_INFORMATION_FORMAT = dwarf;
				ENABLE_STRICT_OBJC_MSGSEND = YES;
				ENABLE_TESTABILITY = YES;
				ENABLE_USER_SCRIPT_SANDBOXING = YES;
				GCC_C_LANGUAGE_STANDARD = gnu11;
				GCC_DYNAMIC_NO_PIC = NO;
				GCC_NO_COMMON_BLOCKS = YES;
				GCC_OPTIMIZATION_LEVEL = 0;
				GCC_PREPROCESSOR_DEFINITIONS = (
					"DEBUG=1",
					"$(inherited)",
				);
				GCC_WARN_64_TO_32_BIT_CONVERSION = YES;
				GCC_WARN_ABOUT_RETURN_TYPE = YES_ERROR;
				GCC_WARN_UNDECLARED_SELECTOR = YES;
				GCC_WARN_UNINITIALIZED_AUTOS = YES_AGGRESSIVE;
				GCC_WARN_UNUSED_FUNCTION = YES;
				GCC_WARN_UNUSED_VARIABLE = YES;
				IPHONEOS_DEPLOYMENT_TARGET = 16.0;
				MTL_ENABLE_DEBUG_INFO = INCLUDE_SOURCE;
				MTL_FAST_MATH = YES;
				ONLY_ACTIVE_ARCH = YES;
				SDKROOT = iphoneos;
				SWIFT_ACTIVE_COMPILATION_CONDITIONS = DEBUG;
				SWIFT_OPTIMIZATION_LEVEL = "-Onone";
			};
			name = Debug;
		};
		8552BC3529DDCD8E00DC8D7E /* Release */ = {
			isa = XCBuildConfiguration;
			buildSettings = {
				ALWAYS_SEARCH_USER_PATHS = NO;
				CLANG_ANALYZER_NONNULL = YES;
				CLANG_ANALYZER_NUMBER_OBJECT_CONVERSION = YES_AGGRESSIVE;
				CLANG_CXX_LANGUAGE_STANDARD = "gnu++20";
				CLANG_ENABLE_MODULES = YES;
				CLANG_ENABLE_OBJC_ARC = YES;
				CLANG_ENABLE_OBJC_WEAK = YES;
				CLANG_WARN_BLOCK_CAPTURE_AUTORELEASING = YES;
				CLANG_WARN_BOOL_CONVERSION = YES;
				CLANG_WARN_COMMA = YES;
				CLANG_WARN_CONSTANT_CONVERSION = YES;
				CLANG_WARN_DEPRECATED_OBJC_IMPLEMENTATIONS = YES;
				CLANG_WARN_DIRECT_OBJC_ISA_USAGE = YES_ERROR;
				CLANG_WARN_DOCUMENTATION_COMMENTS = YES;
				CLANG_WARN_EMPTY_BODY = YES;
				CLANG_WARN_ENUM_CONVERSION = YES;
				CLANG_WARN_INFINITE_RECURSION = YES;
				CLANG_WARN_INT_CONVERSION = YES;
				CLANG_WARN_NON_LITERAL_NULL_CONVERSION = YES;
				CLANG_WARN_OBJC_IMPLICIT_RETAIN_SELF = YES;
				CLANG_WARN_OBJC_LITERAL_CONVERSION = YES;
				CLANG_WARN_OBJC_ROOT_CLASS = YES_ERROR;
				CLANG_WARN_QUOTED_INCLUDE_IN_FRAMEWORK_HEADER = YES;
				CLANG_WARN_RANGE_LOOP_ANALYSIS = YES;
				CLANG_WARN_STRICT_PROTOTYPES = YES;
				CLANG_WARN_SUSPICIOUS_MOVE = YES;
				CLANG_WARN_UNGUARDED_AVAILABILITY = YES_AGGRESSIVE;
				CLANG_WARN_UNREACHABLE_CODE = YES;
				CLANG_WARN__DUPLICATE_METHOD_MATCH = YES;
				COPY_PHASE_STRIP = NO;
				DEBUG_INFORMATION_FORMAT = "dwarf-with-dsym";
				ENABLE_NS_ASSERTIONS = NO;
				ENABLE_STRICT_OBJC_MSGSEND = YES;
				ENABLE_USER_SCRIPT_SANDBOXING = YES;
				GCC_C_LANGUAGE_STANDARD = gnu11;
				GCC_NO_COMMON_BLOCKS = YES;
				GCC_WARN_64_TO_32_BIT_CONVERSION = YES;
				GCC_WARN_ABOUT_RETURN_TYPE = YES_ERROR;
				GCC_WARN_UNDECLARED_SELECTOR = YES;
				GCC_WARN_UNINITIALIZED_AUTOS = YES_AGGRESSIVE;
				GCC_WARN_UNUSED_FUNCTION = YES;
				GCC_WARN_UNUSED_VARIABLE = YES;
				IPHONEOS_DEPLOYMENT_TARGET = 16.0;
				MTL_ENABLE_DEBUG_INFO = NO;
				MTL_FAST_MATH = YES;
				SDKROOT = iphoneos;
				SWIFT_COMPILATION_MODE = wholemodule;
				SWIFT_OPTIMIZATION_LEVEL = "-O";
				VALIDATE_PRODUCT = YES;
			};
			name = Release;
		};
		8552BC3729DDCD8E00DC8D7E /* Debug */ = {
			isa = XCBuildConfiguration;
			buildSettings = {
				ASSETCATALOG_COMPILER_APPICON_NAME = AppIcon;
				ASSETCATALOG_COMPILER_GLOBAL_ACCENT_COLOR_NAME = AccentColor;
				ASSETCATALOG_COMPILER_INCLUDE_ALL_APPICON_ASSETS = YES;
				CODE_SIGN_ENTITLEMENTS = "ios-tripbook/ios-tripbook.entitlements";
				CODE_SIGN_IDENTITY = "Apple Development";
				CODE_SIGN_STYLE = Automatic;
				CURRENT_PROJECT_VERSION = 3;
				DEVELOPMENT_ASSET_PATHS = "\"ios-tripbook/Preview Content\"";
				DEVELOPMENT_TEAM = XU228RZRM5;
				ENABLE_PREVIEWS = YES;
				GENERATE_INFOPLIST_FILE = YES;
				INFOPLIST_FILE = "ios-tripbook/Info.plist";
				INFOPLIST_KEY_CFBundleDisplayName = "트립북";
				INFOPLIST_KEY_LSApplicationCategoryType = "public.app-category.travel";
				INFOPLIST_KEY_NSCameraUsageDescription = "사용자님의 프로필 사진을";
				INFOPLIST_KEY_NSPhotoLibraryUsageDescription = "사용자님의 프로필 사진과 여행 기록에 사용하기 위해 권한을 요청드립니다.";
				INFOPLIST_KEY_UIApplicationSceneManifest_Generation = YES;
				INFOPLIST_KEY_UIApplicationSupportsIndirectInputEvents = YES;
				INFOPLIST_KEY_UILaunchScreen_Generation = YES;
				INFOPLIST_KEY_UIRequiresFullScreen = YES;
				INFOPLIST_KEY_UISupportedInterfaceOrientations = "UIInterfaceOrientationPortrait UIInterfaceOrientationPortraitUpsideDown";
				INFOPLIST_KEY_UIUserInterfaceStyle = Light;
				IPHONEOS_DEPLOYMENT_TARGET = 16.0;
				LD_RUNPATH_SEARCH_PATHS = (
					"$(inherited)",
					"@executable_path/Frameworks",
				);
				MARKETING_VERSION = 0.0.1;
				PRODUCT_BUNDLE_IDENTIFIER = com.tripbookteam07.tripbook;
				PRODUCT_NAME = "$(TARGET_NAME)";
				PROVISIONING_PROFILE_SPECIFIER = "";
				SUPPORTED_PLATFORMS = "iphoneos iphonesimulator";
				SUPPORTS_MACCATALYST = NO;
				SUPPORTS_MAC_DESIGNED_FOR_IPHONE_IPAD = NO;
				SUPPORTS_XR_DESIGNED_FOR_IPHONE_IPAD = NO;
				SWIFT_EMIT_LOC_STRINGS = YES;
				SWIFT_VERSION = 5.0;
				TARGETED_DEVICE_FAMILY = "1,2";
			};
			name = Debug;
		};
		8552BC3829DDCD8E00DC8D7E /* Release */ = {
			isa = XCBuildConfiguration;
			buildSettings = {
				ASSETCATALOG_COMPILER_APPICON_NAME = AppIcon;
				ASSETCATALOG_COMPILER_GLOBAL_ACCENT_COLOR_NAME = AccentColor;
				ASSETCATALOG_COMPILER_INCLUDE_ALL_APPICON_ASSETS = YES;
				CODE_SIGN_ENTITLEMENTS = "ios-tripbook/ios-tripbook.entitlements";
				CODE_SIGN_IDENTITY = "Apple Development";
				CODE_SIGN_STYLE = Automatic;
				CURRENT_PROJECT_VERSION = 3;
				DEVELOPMENT_ASSET_PATHS = "\"ios-tripbook/Preview Content\"";
				DEVELOPMENT_TEAM = XU228RZRM5;
				ENABLE_PREVIEWS = YES;
				GENERATE_INFOPLIST_FILE = YES;
				INFOPLIST_FILE = "ios-tripbook/Info.plist";
				INFOPLIST_KEY_CFBundleDisplayName = "트립북";
				INFOPLIST_KEY_LSApplicationCategoryType = "public.app-category.travel";
				INFOPLIST_KEY_NSCameraUsageDescription = "사용자님의 프로필 사진을";
				INFOPLIST_KEY_NSPhotoLibraryUsageDescription = "사용자님의 프로필 사진과 여행 기록에 사용하기 위해 권한을 요청드립니다.";
				INFOPLIST_KEY_UIApplicationSceneManifest_Generation = YES;
				INFOPLIST_KEY_UIApplicationSupportsIndirectInputEvents = YES;
				INFOPLIST_KEY_UILaunchScreen_Generation = YES;
				INFOPLIST_KEY_UIRequiresFullScreen = YES;
				INFOPLIST_KEY_UISupportedInterfaceOrientations = "UIInterfaceOrientationPortrait UIInterfaceOrientationPortraitUpsideDown";
				INFOPLIST_KEY_UIUserInterfaceStyle = Light;
				IPHONEOS_DEPLOYMENT_TARGET = 16.0;
				LD_RUNPATH_SEARCH_PATHS = (
					"$(inherited)",
					"@executable_path/Frameworks",
				);
				MARKETING_VERSION = 0.0.1;
				PRODUCT_BUNDLE_IDENTIFIER = com.tripbookteam07.tripbook;
				PRODUCT_NAME = "$(TARGET_NAME)";
				PROVISIONING_PROFILE_SPECIFIER = "";
				SUPPORTED_PLATFORMS = "iphoneos iphonesimulator";
				SUPPORTS_MACCATALYST = NO;
				SUPPORTS_MAC_DESIGNED_FOR_IPHONE_IPAD = NO;
				SUPPORTS_XR_DESIGNED_FOR_IPHONE_IPAD = NO;
				SWIFT_EMIT_LOC_STRINGS = YES;
				SWIFT_VERSION = 5.0;
				TARGETED_DEVICE_FAMILY = "1,2";
			};
			name = Release;
		};
		8585F46B2A12942A00C0A678 /* Debug */ = {
			isa = XCBuildConfiguration;
			buildSettings = {
				BUNDLE_LOADER = "$(TEST_HOST)";
				CODE_SIGN_STYLE = Automatic;
				CURRENT_PROJECT_VERSION = 1;
				DEAD_CODE_STRIPPING = YES;
				DEVELOPMENT_TEAM = 2QA54Q67C3;
				GENERATE_INFOPLIST_FILE = YES;
				IPHONEOS_DEPLOYMENT_TARGET = 14.0;
				MACOSX_DEPLOYMENT_TARGET = 13.3;
				MARKETING_VERSION = 1.0;
				PRODUCT_BUNDLE_IDENTIFIER = com.tripbook.TripBookTests;
				PRODUCT_NAME = "$(TARGET_NAME)";
				SDKROOT = auto;
				SUPPORTED_PLATFORMS = "iphoneos iphonesimulator macosx";
				SWIFT_EMIT_LOC_STRINGS = NO;
				SWIFT_VERSION = 5.0;
				TARGETED_DEVICE_FAMILY = "1,2";
				TEST_HOST = "$(BUILT_PRODUCTS_DIR)/ios-tripbook.app/$(BUNDLE_EXECUTABLE_FOLDER_PATH)/ios-tripbook";
			};
			name = Debug;
		};
		8585F46C2A12942A00C0A678 /* Release */ = {
			isa = XCBuildConfiguration;
			buildSettings = {
				BUNDLE_LOADER = "$(TEST_HOST)";
				CODE_SIGN_STYLE = Automatic;
				CURRENT_PROJECT_VERSION = 1;
				DEAD_CODE_STRIPPING = YES;
				DEVELOPMENT_TEAM = 2QA54Q67C3;
				GENERATE_INFOPLIST_FILE = YES;
				IPHONEOS_DEPLOYMENT_TARGET = 14.0;
				MACOSX_DEPLOYMENT_TARGET = 13.3;
				MARKETING_VERSION = 1.0;
				PRODUCT_BUNDLE_IDENTIFIER = com.tripbook.TripBookTests;
				PRODUCT_NAME = "$(TARGET_NAME)";
				SDKROOT = auto;
				SUPPORTED_PLATFORMS = "iphoneos iphonesimulator macosx";
				SWIFT_EMIT_LOC_STRINGS = NO;
				SWIFT_VERSION = 5.0;
				TARGETED_DEVICE_FAMILY = "1,2";
				TEST_HOST = "$(BUILT_PRODUCTS_DIR)/ios-tripbook.app/$(BUNDLE_EXECUTABLE_FOLDER_PATH)/ios-tripbook";
			};
			name = Release;
		};
/* End XCBuildConfiguration section */

/* Begin XCConfigurationList section */
		8552BC2329DDCD8D00DC8D7E /* Build configuration list for PBXProject "ios-tripbook" */ = {
			isa = XCConfigurationList;
			buildConfigurations = (
				8552BC3429DDCD8E00DC8D7E /* Debug */,
				8552BC3529DDCD8E00DC8D7E /* Release */,
			);
			defaultConfigurationIsVisible = 0;
			defaultConfigurationName = Release;
		};
		8552BC3629DDCD8E00DC8D7E /* Build configuration list for PBXNativeTarget "ios-tripbook" */ = {
			isa = XCConfigurationList;
			buildConfigurations = (
				8552BC3729DDCD8E00DC8D7E /* Debug */,
				8552BC3829DDCD8E00DC8D7E /* Release */,
			);
			defaultConfigurationIsVisible = 0;
			defaultConfigurationName = Release;
		};
		8585F46D2A12942A00C0A678 /* Build configuration list for PBXNativeTarget "TripBookTests" */ = {
			isa = XCConfigurationList;
			buildConfigurations = (
				8585F46B2A12942A00C0A678 /* Debug */,
				8585F46C2A12942A00C0A678 /* Release */,
			);
			defaultConfigurationIsVisible = 0;
			defaultConfigurationName = Release;
		};
/* End XCConfigurationList section */

/* Begin XCRemoteSwiftPackageReference section */
		853EA91C2A46F363001890DE /* XCRemoteSwiftPackageReference "Auth0" */ = {
			isa = XCRemoteSwiftPackageReference;
			repositoryURL = "https://github.com/auth0/Auth0.swift";
			requirement = {
				kind = upToNextMajorVersion;
				minimumVersion = 2.4.0;
			};
		};
		85A6B1492A6039A90050FF68 /* XCRemoteSwiftPackageReference "Kingfisher" */ = {
			isa = XCRemoteSwiftPackageReference;
			repositoryURL = "https://github.com/onevcat/Kingfisher.git";
			requirement = {
				kind = upToNextMajorVersion;
				minimumVersion = 7.8.1;
			};
		};
		85F03BE92A3EF5A000A0B931 /* XCRemoteSwiftPackageReference "Alamofire" */ = {
			isa = XCRemoteSwiftPackageReference;
			repositoryURL = "https://github.com/Alamofire/Alamofire.git";
			requirement = {
				kind = upToNextMajorVersion;
				minimumVersion = 5.7.1;
			};
		};
		9B8964B12AAB02C100B6E3CA /* XCRemoteSwiftPackageReference "iOS-TripBook-ImagePicker-Package" */ = {
			isa = XCRemoteSwiftPackageReference;
			repositoryURL = "https://github.com/tripbook2023/iOS-TripBook-ImagePicker-Package";
			requirement = {
				kind = upToNextMajorVersion;
				minimumVersion = 1.0.0;
			};
		};
		9B9C74B42AE6899A005B69AE /* XCRemoteSwiftPackageReference "lottie-ios" */ = {
			isa = XCRemoteSwiftPackageReference;
			repositoryURL = "https://github.com/airbnb/lottie-ios";
			requirement = {
				kind = upToNextMajorVersion;
				minimumVersion = 4.0.0;
			};
		};
		9D077BFF2AE655FA00FD37CA /* XCRemoteSwiftPackageReference "RichTextKit" */ = {
			isa = XCRemoteSwiftPackageReference;
			repositoryURL = "https://github.com/danielsaidi/RichTextKit";
			requirement = {
				kind = upToNextMajorVersion;
				minimumVersion = 0.9.0;
			};
		};
		9D34D2352AF4EE3C006D60AC /* XCRemoteSwiftPackageReference "SnapKit" */ = {
			isa = XCRemoteSwiftPackageReference;
			repositoryURL = "https://github.com/SnapKit/SnapKit";
			requirement = {
				kind = upToNextMajorVersion;
				minimumVersion = 5.0.0;
			};
		};
/* End XCRemoteSwiftPackageReference section */

/* Begin XCSwiftPackageProductDependency section */
		853EA91D2A46F363001890DE /* Auth0 */ = {
			isa = XCSwiftPackageProductDependency;
			package = 853EA91C2A46F363001890DE /* XCRemoteSwiftPackageReference "Auth0" */;
			productName = Auth0;
		};
		85A6B14A2A6039A90050FF68 /* Kingfisher */ = {
			isa = XCSwiftPackageProductDependency;
			package = 85A6B1492A6039A90050FF68 /* XCRemoteSwiftPackageReference "Kingfisher" */;
			productName = Kingfisher;
		};
		85F03BEA2A3EF5A000A0B931 /* Alamofire */ = {
			isa = XCSwiftPackageProductDependency;
			package = 85F03BE92A3EF5A000A0B931 /* XCRemoteSwiftPackageReference "Alamofire" */;
			productName = Alamofire;
		};
		9B8964B22AAB02C100B6E3CA /* TBImagePicker */ = {
			isa = XCSwiftPackageProductDependency;
			package = 9B8964B12AAB02C100B6E3CA /* XCRemoteSwiftPackageReference "iOS-TripBook-ImagePicker-Package" */;
			productName = TBImagePicker;
		};
		9B9C74B52AE6899A005B69AE /* Lottie */ = {
			isa = XCSwiftPackageProductDependency;
			package = 9B9C74B42AE6899A005B69AE /* XCRemoteSwiftPackageReference "lottie-ios" */;
			productName = Lottie;
		};
		9D077C002AE655FA00FD37CA /* RichTextKit */ = {
			isa = XCSwiftPackageProductDependency;
			package = 9D077BFF2AE655FA00FD37CA /* XCRemoteSwiftPackageReference "RichTextKit" */;
			productName = RichTextKit;
		};
		9D34D2362AF4EE3C006D60AC /* SnapKit */ = {
			isa = XCSwiftPackageProductDependency;
			package = 9D34D2352AF4EE3C006D60AC /* XCRemoteSwiftPackageReference "SnapKit" */;
			productName = SnapKit;
		};
/* End XCSwiftPackageProductDependency section */
	};
	rootObject = 8552BC2029DDCD8D00DC8D7E /* Project object */;
}
