// !$*UTF8*$!
{
	archiveVersion = 1;
	classes = {
	};
	objectVersion = 56;
	objects = {

/* Begin PBXBuildFile section */
		851BEA5E29FF9328003D60C9 /* HomeHeaderView.swift in Sources */ = {isa = PBXBuildFile; fileRef = 851BEA5D29FF9328003D60C9 /* HomeHeaderView.swift */; };
		8527A5772A0366B6003819B1 /* TravelReportModel.swift in Sources */ = {isa = PBXBuildFile; fileRef = 8527A5762A0366B6003819B1 /* TravelReportModel.swift */; };
		8527A5792A036786003819B1 /* TravelReportItemViewModel.swift in Sources */ = {isa = PBXBuildFile; fileRef = 8527A5782A036786003819B1 /* TravelReportItemViewModel.swift */; };
		85338E2329F81DEE00E87792 /* NotoSansKR-Black.otf in Resources */ = {isa = PBXBuildFile; fileRef = 85338E1D29F81DE500E87792 /* NotoSansKR-Black.otf */; };
		85338E2429F81DEE00E87792 /* NotoSansKR-Bold.otf in Resources */ = {isa = PBXBuildFile; fileRef = 85338E1E29F81DE600E87792 /* NotoSansKR-Bold.otf */; };
		85338E2529F81DEE00E87792 /* NotoSansKR-Medium.otf in Resources */ = {isa = PBXBuildFile; fileRef = 85338E2029F81DE600E87792 /* NotoSansKR-Medium.otf */; };
		85338E2629F81DEE00E87792 /* NotoSansKR-Regular.otf in Resources */ = {isa = PBXBuildFile; fileRef = 85338E2129F81DE600E87792 /* NotoSansKR-Regular.otf */; };
		85338E2729F81DEE00E87792 /* NotoSansKR-Thin.otf in Resources */ = {isa = PBXBuildFile; fileRef = 85338E2229F81DE600E87792 /* NotoSansKR-Thin.otf */; };
		85338E2829F81DEE00E87792 /* NotoSansKR-Light.otf in Resources */ = {isa = PBXBuildFile; fileRef = 85338E1F29F81DE600E87792 /* NotoSansKR-Light.otf */; };
		85338E2A29F81DFB00E87792 /* Font.swift in Sources */ = {isa = PBXBuildFile; fileRef = 85338E2929F81DFB00E87792 /* Font.swift */; };
		85338E3229F8426800E87792 /* TravelReportItemView.swift in Sources */ = {isa = PBXBuildFile; fileRef = 85338E3129F8426800E87792 /* TravelReportItemView.swift */; };
		85338E3429F8524000E87792 /* EventBannerView.swift in Sources */ = {isa = PBXBuildFile; fileRef = 85338E3329F8524000E87792 /* EventBannerView.swift */; };
		85338E3729F8836F00E87792 /* .gitattributes in Resources */ = {isa = PBXBuildFile; fileRef = 85338E3629F8836F00E87792 /* .gitattributes */; };
		85338E3929F8837C00E87792 /* .gitignore in Resources */ = {isa = PBXBuildFile; fileRef = 85338E3829F8837C00E87792 /* .gitignore */; };
		85338E3D29F8851E00E87792 /* HomeSearchView.swift in Sources */ = {isa = PBXBuildFile; fileRef = 85338E3C29F8851E00E87792 /* HomeSearchView.swift */; };
		85338E3F29F88C9C00E87792 /* HomeSearchKeywordCellView.swift in Sources */ = {isa = PBXBuildFile; fileRef = 85338E3E29F88C9C00E87792 /* HomeSearchKeywordCellView.swift */; };
		85338E4229FA206C00E87792 /* HomeSearchViewModel.swift in Sources */ = {isa = PBXBuildFile; fileRef = 85338E4129FA206C00E87792 /* HomeSearchViewModel.swift */; };
		85338E4529FA638E00E87792 /* SearchKeywordModel.swift in Sources */ = {isa = PBXBuildFile; fileRef = 85338E4429FA638E00E87792 /* SearchKeywordModel.swift */; };
		85361DB72A0FC13600B48B55 /* HomeTravelNewsItemView.swift in Sources */ = {isa = PBXBuildFile; fileRef = 85361DB62A0FC13600B48B55 /* HomeTravelNewsItemView.swift */; };
		85361DB92A0FCC2700B48B55 /* TooltipView.swift in Sources */ = {isa = PBXBuildFile; fileRef = 85361DB82A0FCC2700B48B55 /* TooltipView.swift */; };
		85361DBC2A0FFBCB00B48B55 /* HomeTravelNewsItemViewModel.swift in Sources */ = {isa = PBXBuildFile; fileRef = 85361DBB2A0FFBCB00B48B55 /* HomeTravelNewsItemViewModel.swift */; };
		85361DBE2A0FFC1C00B48B55 /* TravelNewsModel.swift in Sources */ = {isa = PBXBuildFile; fileRef = 85361DBD2A0FFC1C00B48B55 /* TravelNewsModel.swift */; };
		85361DC12A0FFE1800B48B55 /* ToggleButton.swift in Sources */ = {isa = PBXBuildFile; fileRef = 85361DC02A0FFE1800B48B55 /* ToggleButton.swift */; };
		85361DC32A10140800B48B55 /* HomePointBannerView.swift in Sources */ = {isa = PBXBuildFile; fileRef = 85361DC22A10140800B48B55 /* HomePointBannerView.swift */; };
		853EA91E2A46F363001890DE /* Auth0 in Frameworks */ = {isa = PBXBuildFile; productRef = 853EA91D2A46F363001890DE /* Auth0 */; };
		853EA9202A46F3D3001890DE /* Auth0.plist in Resources */ = {isa = PBXBuildFile; fileRef = 853EA91F2A46F3D3001890DE /* Auth0.plist */; };
		853EA9242A46F98C001890DE /* Auth0Service.swift in Sources */ = {isa = PBXBuildFile; fileRef = 853EA9232A46F98C001890DE /* Auth0Service.swift */; };
		853EA9262A46FC43001890DE /* TBAPIManager.swift in Sources */ = {isa = PBXBuildFile; fileRef = 853EA9252A46FC43001890DE /* TBAPIManager.swift */; };
		853EA9292A472888001890DE /* TBAuthInterceptor.swift in Sources */ = {isa = PBXBuildFile; fileRef = 853EA9282A472888001890DE /* TBAuthInterceptor.swift */; };
		853EA92B2A476841001890DE /* TBAPIEventLogger.swift in Sources */ = {isa = PBXBuildFile; fileRef = 853EA92A2A476841001890DE /* TBAPIEventLogger.swift */; };
		853EA92D2A4771B4001890DE /* TBAPIRouter.swift in Sources */ = {isa = PBXBuildFile; fileRef = 853EA92C2A4771B4001890DE /* TBAPIRouter.swift */; };
		853EA92F2A480D05001890DE /* TBAPIPath.swift in Sources */ = {isa = PBXBuildFile; fileRef = 853EA92E2A480D05001890DE /* TBAPIPath.swift */; };
		853EA9322A480D4C001890DE /* TBMemberAPIPath.swift in Sources */ = {isa = PBXBuildFile; fileRef = 853EA9312A480D4C001890DE /* TBMemberAPIPath.swift */; };
		853EA9342A480E64001890DE /* TBAuthAPIPath.swift in Sources */ = {isa = PBXBuildFile; fileRef = 853EA9332A480E64001890DE /* TBAuthAPIPath.swift */; };
		853EA9382A480FC7001890DE /* TBMemberAPI.swift in Sources */ = {isa = PBXBuildFile; fileRef = 853EA9372A480FC7001890DE /* TBMemberAPI.swift */; };
		853EA93B2A48118A001890DE /* NicknameValidationRequest.swift in Sources */ = {isa = PBXBuildFile; fileRef = 853EA93A2A48118A001890DE /* NicknameValidationRequest.swift */; };
		853EA93F2A481489001890DE /* NicknameValidationResponse.swift in Sources */ = {isa = PBXBuildFile; fileRef = 853EA93E2A481489001890DE /* NicknameValidationResponse.swift */; };
		8552BC2C29DDCD8D00DC8D7E /* AppView.swift in Sources */ = {isa = PBXBuildFile; fileRef = 8552BC2B29DDCD8D00DC8D7E /* AppView.swift */; };
		8552BC2E29DDCD8D00DC8D7E /* RootView.swift in Sources */ = {isa = PBXBuildFile; fileRef = 8552BC2D29DDCD8D00DC8D7E /* RootView.swift */; };
		8552BC3029DDCD8E00DC8D7E /* Assets.xcassets in Resources */ = {isa = PBXBuildFile; fileRef = 8552BC2F29DDCD8E00DC8D7E /* Assets.xcassets */; };
		8552BC3329DDCD8E00DC8D7E /* Preview Assets.xcassets in Resources */ = {isa = PBXBuildFile; fileRef = 8552BC3229DDCD8E00DC8D7E /* Preview Assets.xcassets */; };
		85561AB429FD403F004B06F8 /* HomeViewModel.swift in Sources */ = {isa = PBXBuildFile; fileRef = 85561AB329FD403F004B06F8 /* HomeViewModel.swift */; };
		85569CA62A4F8EC000515DE3 /* TBAuthAPI.swift in Sources */ = {isa = PBXBuildFile; fileRef = 85569CA52A4F8EC000515DE3 /* TBAuthAPI.swift */; };
		85569CA92A4FFC7500515DE3 /* AuthenticationRequest.swift in Sources */ = {isa = PBXBuildFile; fileRef = 85569CA82A4FFC7500515DE3 /* AuthenticationRequest.swift */; };
		85569CAB2A4FFD5700515DE3 /* AuthenticationResponse.swift in Sources */ = {isa = PBXBuildFile; fileRef = 85569CAA2A4FFD5700515DE3 /* AuthenticationResponse.swift */; };
		85569CAE2A4FFECF00515DE3 /* TBAuthAPIRouter.swift in Sources */ = {isa = PBXBuildFile; fileRef = 85569CAD2A4FFECF00515DE3 /* TBAuthAPIRouter.swift */; };
		85569CB02A50084000515DE3 /* AuthenticationResult.swift in Sources */ = {isa = PBXBuildFile; fileRef = 85569CAF2A50084000515DE3 /* AuthenticationResult.swift */; };
		8585F4302A10FE0200C0A678 /* RootViewModel.swift in Sources */ = {isa = PBXBuildFile; fileRef = 8585F42F2A10FE0200C0A678 /* RootViewModel.swift */; };
		8585F4682A12942A00C0A678 /* TripBookTests.swift in Sources */ = {isa = PBXBuildFile; fileRef = 8585F4672A12942A00C0A678 /* TripBookTests.swift */; };
		8585F46F2A12990A00C0A678 /* TravelNewsHeaderView.swift in Sources */ = {isa = PBXBuildFile; fileRef = 8585F46E2A12990A00C0A678 /* TravelNewsHeaderView.swift */; };
		8585F4732A12A14800C0A678 /* TravelNewsItemView.swift in Sources */ = {isa = PBXBuildFile; fileRef = 8585F4722A12A14800C0A678 /* TravelNewsItemView.swift */; };
		8585F4762A13E91C00C0A678 /* TravelNewsViewModel.swift in Sources */ = {isa = PBXBuildFile; fileRef = 8585F4752A13E91C00C0A678 /* TravelNewsViewModel.swift */; };
		8585F4782A13EF2400C0A678 /* MyTravelNewsItemView.swift in Sources */ = {isa = PBXBuildFile; fileRef = 8585F4772A13EF2400C0A678 /* MyTravelNewsItemView.swift */; };
		8585F47A2A15E89F00C0A678 /* TravelNewsItemViewModel.swift in Sources */ = {isa = PBXBuildFile; fileRef = 8585F4792A15E89F00C0A678 /* TravelNewsItemViewModel.swift */; };
		8585F47C2A15ECBB00C0A678 /* MyTravelNewsItemViewModel.swift in Sources */ = {isa = PBXBuildFile; fileRef = 8585F47B2A15ECBB00C0A678 /* MyTravelNewsItemViewModel.swift */; };
		85C05C902A3E246F006758EF /* SignupProfileInfoViewModel.swift in Sources */ = {isa = PBXBuildFile; fileRef = 85C05C8F2A3E246F006758EF /* SignupProfileInfoViewModel.swift */; };
		85C35B752A16594500DB8E46 /* DocumentModel.swift in Sources */ = {isa = PBXBuildFile; fileRef = 85C35B742A16594500DB8E46 /* DocumentModel.swift */; };
		85C35B772A1659AE00DB8E46 /* UserModel.swift in Sources */ = {isa = PBXBuildFile; fileRef = 85C35B762A1659AE00DB8E46 /* UserModel.swift */; };
		85C35B792A165CB000DB8E46 /* DocumentActionBar.swift in Sources */ = {isa = PBXBuildFile; fileRef = 85C35B782A165CB000DB8E46 /* DocumentActionBar.swift */; };
		85C35B7C2A1683EA00DB8E46 /* RequestEditorView.swift in Sources */ = {isa = PBXBuildFile; fileRef = 85C35B7B2A1683EA00DB8E46 /* RequestEditorView.swift */; };
		85C6F8342A18D44B00722ED1 /* DataObject.swift in Sources */ = {isa = PBXBuildFile; fileRef = 85C6F8332A18D44B00722ED1 /* DataObject.swift */; };
		85C6F8362A19ED0B00722ED1 /* RequestEditorResultView.swift in Sources */ = {isa = PBXBuildFile; fileRef = 85C6F8352A19ED0B00722ED1 /* RequestEditorResultView.swift */; };
		85C6F8392A1A013D00722ED1 /* RequestEditorViewModel.swift in Sources */ = {isa = PBXBuildFile; fileRef = 85C6F8382A1A013D00722ED1 /* RequestEditorViewModel.swift */; };
		85E8CA902A39A5F600EBDE7F /* SignupSocialView.swift in Sources */ = {isa = PBXBuildFile; fileRef = 85E8CA8F2A39A5F600EBDE7F /* SignupSocialView.swift */; };
		85E8CA922A39A61D00EBDE7F /* SignupTermsView.swift in Sources */ = {isa = PBXBuildFile; fileRef = 85E8CA912A39A61D00EBDE7F /* SignupTermsView.swift */; };
		85E8CA942A39A63F00EBDE7F /* SignupProfileNameView.swift in Sources */ = {isa = PBXBuildFile; fileRef = 85E8CA932A39A63F00EBDE7F /* SignupProfileNameView.swift */; };
		85E8CA962A39A65400EBDE7F /* SignupProfileImageView.swift in Sources */ = {isa = PBXBuildFile; fileRef = 85E8CA952A39A65400EBDE7F /* SignupProfileImageView.swift */; };
		85E8CA982A39A68900EBDE7F /* SignupProfileInfoView.swift in Sources */ = {isa = PBXBuildFile; fileRef = 85E8CA972A39A68900EBDE7F /* SignupProfileInfoView.swift */; };
		85E8CA9B2A39A6A800EBDE7F /* SignupViewModel.swift in Sources */ = {isa = PBXBuildFile; fileRef = 85E8CA9A2A39A6A800EBDE7F /* SignupViewModel.swift */; };
		85E8CAA22A3ACB2300EBDE7F /* SignupSocialViewModel.swift in Sources */ = {isa = PBXBuildFile; fileRef = 85E8CAA12A3ACB2300EBDE7F /* SignupSocialViewModel.swift */; };
		85E8CAA52A3AD06800EBDE7F /* TBComponent in Frameworks */ = {isa = PBXBuildFile; productRef = 85E8CAA42A3AD06800EBDE7F /* TBComponent */; };
		85E8CAA72A3AD06800EBDE7F /* TBUtil in Frameworks */ = {isa = PBXBuildFile; productRef = 85E8CAA62A3AD06800EBDE7F /* TBUtil */; };
		85E8CAA92A3AD74700EBDE7F /* SignupTermsViewModel.swift in Sources */ = {isa = PBXBuildFile; fileRef = 85E8CAA82A3AD74700EBDE7F /* SignupTermsViewModel.swift */; };
		85E8CAAB2A3B108600EBDE7F /* SignupProfileNameViewModel.swift in Sources */ = {isa = PBXBuildFile; fileRef = 85E8CAAA2A3B108600EBDE7F /* SignupProfileNameViewModel.swift */; };
		85E8CAAD2A3DEB7700EBDE7F /* SignupProfileImageViewModel.swift in Sources */ = {isa = PBXBuildFile; fileRef = 85E8CAAC2A3DEB7700EBDE7F /* SignupProfileImageViewModel.swift */; };
		85E8CAB02A3DEF2800EBDE7F /* RegisterationUser.swift in Sources */ = {isa = PBXBuildFile; fileRef = 85E8CAAF2A3DEF2800EBDE7F /* RegisterationUser.swift */; };
		85E8CAB32A3DF64C00EBDE7F /* SignupProfileImageSelectOptionView.swift in Sources */ = {isa = PBXBuildFile; fileRef = 85E8CAB22A3DF64C00EBDE7F /* SignupProfileImageSelectOptionView.swift */; };
		85E8CAB82A3E0B3700EBDE7F /* SignupProfileImagePickerView.swift in Sources */ = {isa = PBXBuildFile; fileRef = 85E8CAB72A3E0B3700EBDE7F /* SignupProfileImagePickerView.swift */; };
		85F02B4929F68D4D008DABCE /* HomeView.swift in Sources */ = {isa = PBXBuildFile; fileRef = 85F02B4829F68D4D008DABCE /* HomeView.swift */; };
		85F02B4C29F68E7F008DABCE /* TravelReportView.swift in Sources */ = {isa = PBXBuildFile; fileRef = 85F02B4B29F68E7F008DABCE /* TravelReportView.swift */; };
		85F02B4E29F6906C008DABCE /* RegisterTravelReportView.swift in Sources */ = {isa = PBXBuildFile; fileRef = 85F02B4D29F6906C008DABCE /* RegisterTravelReportView.swift */; };
		85F02B5129F690F3008DABCE /* TravelNewsView.swift in Sources */ = {isa = PBXBuildFile; fileRef = 85F02B5029F690F3008DABCE /* TravelNewsView.swift */; };
		85F02B5429F6913F008DABCE /* ProfileView.swift in Sources */ = {isa = PBXBuildFile; fileRef = 85F02B5329F6913F008DABCE /* ProfileView.swift */; };
		85F03BE82A3EE4C900A0B931 /* SignupTermDetailModal.swift in Sources */ = {isa = PBXBuildFile; fileRef = 85F03BE72A3EE4C900A0B931 /* SignupTermDetailModal.swift */; };
		85F03BEB2A3EF5A000A0B931 /* Alamofire in Frameworks */ = {isa = PBXBuildFile; productRef = 85F03BEA2A3EF5A000A0B931 /* Alamofire */; };
/* End PBXBuildFile section */

/* Begin PBXContainerItemProxy section */
		8585F4692A12942A00C0A678 /* PBXContainerItemProxy */ = {
			isa = PBXContainerItemProxy;
			containerPortal = 8552BC2029DDCD8D00DC8D7E /* Project object */;
			proxyType = 1;
			remoteGlobalIDString = 8552BC2729DDCD8D00DC8D7E;
			remoteInfo = "ios-tripbook";
		};
/* End PBXContainerItemProxy section */

/* Begin PBXFileReference section */
		851BEA5D29FF9328003D60C9 /* HomeHeaderView.swift */ = {isa = PBXFileReference; lastKnownFileType = sourcecode.swift; path = HomeHeaderView.swift; sourceTree = "<group>"; };
		8527A5762A0366B6003819B1 /* TravelReportModel.swift */ = {isa = PBXFileReference; lastKnownFileType = sourcecode.swift; path = TravelReportModel.swift; sourceTree = "<group>"; };
		8527A5782A036786003819B1 /* TravelReportItemViewModel.swift */ = {isa = PBXFileReference; lastKnownFileType = sourcecode.swift; path = TravelReportItemViewModel.swift; sourceTree = "<group>"; };
		85338E1D29F81DE500E87792 /* NotoSansKR-Black.otf */ = {isa = PBXFileReference; lastKnownFileType = file; path = "NotoSansKR-Black.otf"; sourceTree = "<group>"; };
		85338E1E29F81DE600E87792 /* NotoSansKR-Bold.otf */ = {isa = PBXFileReference; lastKnownFileType = file; path = "NotoSansKR-Bold.otf"; sourceTree = "<group>"; };
		85338E1F29F81DE600E87792 /* NotoSansKR-Light.otf */ = {isa = PBXFileReference; lastKnownFileType = file; path = "NotoSansKR-Light.otf"; sourceTree = "<group>"; };
		85338E2029F81DE600E87792 /* NotoSansKR-Medium.otf */ = {isa = PBXFileReference; lastKnownFileType = file; path = "NotoSansKR-Medium.otf"; sourceTree = "<group>"; };
		85338E2129F81DE600E87792 /* NotoSansKR-Regular.otf */ = {isa = PBXFileReference; lastKnownFileType = file; path = "NotoSansKR-Regular.otf"; sourceTree = "<group>"; };
		85338E2229F81DE600E87792 /* NotoSansKR-Thin.otf */ = {isa = PBXFileReference; lastKnownFileType = file; path = "NotoSansKR-Thin.otf"; sourceTree = "<group>"; };
		85338E2929F81DFB00E87792 /* Font.swift */ = {isa = PBXFileReference; lastKnownFileType = sourcecode.swift; path = Font.swift; sourceTree = "<group>"; };
		85338E2B29F828EC00E87792 /* Info.plist */ = {isa = PBXFileReference; lastKnownFileType = text.plist; path = Info.plist; sourceTree = "<group>"; };
		85338E3129F8426800E87792 /* TravelReportItemView.swift */ = {isa = PBXFileReference; lastKnownFileType = sourcecode.swift; path = TravelReportItemView.swift; sourceTree = "<group>"; };
		85338E3329F8524000E87792 /* EventBannerView.swift */ = {isa = PBXFileReference; lastKnownFileType = sourcecode.swift; path = EventBannerView.swift; sourceTree = "<group>"; };
		85338E3629F8836F00E87792 /* .gitattributes */ = {isa = PBXFileReference; lastKnownFileType = text; path = .gitattributes; sourceTree = "<group>"; };
		85338E3829F8837C00E87792 /* .gitignore */ = {isa = PBXFileReference; fileEncoding = 4; lastKnownFileType = text; path = .gitignore; sourceTree = "<group>"; };
		85338E3C29F8851E00E87792 /* HomeSearchView.swift */ = {isa = PBXFileReference; lastKnownFileType = sourcecode.swift; path = HomeSearchView.swift; sourceTree = "<group>"; };
		85338E3E29F88C9C00E87792 /* HomeSearchKeywordCellView.swift */ = {isa = PBXFileReference; lastKnownFileType = sourcecode.swift; path = HomeSearchKeywordCellView.swift; sourceTree = "<group>"; };
		85338E4129FA206C00E87792 /* HomeSearchViewModel.swift */ = {isa = PBXFileReference; lastKnownFileType = sourcecode.swift; path = HomeSearchViewModel.swift; sourceTree = "<group>"; };
		85338E4429FA638E00E87792 /* SearchKeywordModel.swift */ = {isa = PBXFileReference; lastKnownFileType = sourcecode.swift; path = SearchKeywordModel.swift; sourceTree = "<group>"; };
		85361DB62A0FC13600B48B55 /* HomeTravelNewsItemView.swift */ = {isa = PBXFileReference; lastKnownFileType = sourcecode.swift; path = HomeTravelNewsItemView.swift; sourceTree = "<group>"; };
		85361DB82A0FCC2700B48B55 /* TooltipView.swift */ = {isa = PBXFileReference; lastKnownFileType = sourcecode.swift; path = TooltipView.swift; sourceTree = "<group>"; };
		85361DBB2A0FFBCB00B48B55 /* HomeTravelNewsItemViewModel.swift */ = {isa = PBXFileReference; lastKnownFileType = sourcecode.swift; path = HomeTravelNewsItemViewModel.swift; sourceTree = "<group>"; };
		85361DBD2A0FFC1C00B48B55 /* TravelNewsModel.swift */ = {isa = PBXFileReference; lastKnownFileType = sourcecode.swift; path = TravelNewsModel.swift; sourceTree = "<group>"; };
		85361DC02A0FFE1800B48B55 /* ToggleButton.swift */ = {isa = PBXFileReference; lastKnownFileType = sourcecode.swift; path = ToggleButton.swift; sourceTree = "<group>"; };
		85361DC22A10140800B48B55 /* HomePointBannerView.swift */ = {isa = PBXFileReference; lastKnownFileType = sourcecode.swift; path = HomePointBannerView.swift; sourceTree = "<group>"; };
		853EA91F2A46F3D3001890DE /* Auth0.plist */ = {isa = PBXFileReference; lastKnownFileType = text.plist; path = Auth0.plist; sourceTree = "<group>"; };
		853EA9232A46F98C001890DE /* Auth0Service.swift */ = {isa = PBXFileReference; lastKnownFileType = sourcecode.swift; path = Auth0Service.swift; sourceTree = "<group>"; };
		853EA9252A46FC43001890DE /* TBAPIManager.swift */ = {isa = PBXFileReference; lastKnownFileType = sourcecode.swift; path = TBAPIManager.swift; sourceTree = "<group>"; };
		853EA9282A472888001890DE /* TBAuthInterceptor.swift */ = {isa = PBXFileReference; lastKnownFileType = sourcecode.swift; path = TBAuthInterceptor.swift; sourceTree = "<group>"; };
		853EA92A2A476841001890DE /* TBAPIEventLogger.swift */ = {isa = PBXFileReference; lastKnownFileType = sourcecode.swift; path = TBAPIEventLogger.swift; sourceTree = "<group>"; };
		853EA92C2A4771B4001890DE /* TBAPIRouter.swift */ = {isa = PBXFileReference; lastKnownFileType = sourcecode.swift; path = TBAPIRouter.swift; sourceTree = "<group>"; };
		853EA92E2A480D05001890DE /* TBAPIPath.swift */ = {isa = PBXFileReference; lastKnownFileType = sourcecode.swift; path = TBAPIPath.swift; sourceTree = "<group>"; };
		853EA9312A480D4C001890DE /* TBMemberAPIPath.swift */ = {isa = PBXFileReference; lastKnownFileType = sourcecode.swift; path = TBMemberAPIPath.swift; sourceTree = "<group>"; };
		853EA9332A480E64001890DE /* TBAuthAPIPath.swift */ = {isa = PBXFileReference; lastKnownFileType = sourcecode.swift; path = TBAuthAPIPath.swift; sourceTree = "<group>"; };
		853EA9372A480FC7001890DE /* TBMemberAPI.swift */ = {isa = PBXFileReference; lastKnownFileType = sourcecode.swift; path = TBMemberAPI.swift; sourceTree = "<group>"; };
		853EA93A2A48118A001890DE /* NicknameValidationRequest.swift */ = {isa = PBXFileReference; lastKnownFileType = sourcecode.swift; path = NicknameValidationRequest.swift; sourceTree = "<group>"; };
		853EA93E2A481489001890DE /* NicknameValidationResponse.swift */ = {isa = PBXFileReference; lastKnownFileType = sourcecode.swift; path = NicknameValidationResponse.swift; sourceTree = "<group>"; };
		8552BC2829DDCD8D00DC8D7E /* ios-tripbook.app */ = {isa = PBXFileReference; explicitFileType = wrapper.application; includeInIndex = 0; path = "ios-tripbook.app"; sourceTree = BUILT_PRODUCTS_DIR; };
		8552BC2B29DDCD8D00DC8D7E /* AppView.swift */ = {isa = PBXFileReference; lastKnownFileType = sourcecode.swift; path = AppView.swift; sourceTree = "<group>"; };
		8552BC2D29DDCD8D00DC8D7E /* RootView.swift */ = {isa = PBXFileReference; lastKnownFileType = sourcecode.swift; path = RootView.swift; sourceTree = "<group>"; };
		8552BC2F29DDCD8E00DC8D7E /* Assets.xcassets */ = {isa = PBXFileReference; lastKnownFileType = folder.assetcatalog; path = Assets.xcassets; sourceTree = "<group>"; };
		8552BC3229DDCD8E00DC8D7E /* Preview Assets.xcassets */ = {isa = PBXFileReference; lastKnownFileType = folder.assetcatalog; path = "Preview Assets.xcassets"; sourceTree = "<group>"; };
		85561AB329FD403F004B06F8 /* HomeViewModel.swift */ = {isa = PBXFileReference; lastKnownFileType = sourcecode.swift; path = HomeViewModel.swift; sourceTree = "<group>"; };
		85569CA52A4F8EC000515DE3 /* TBAuthAPI.swift */ = {isa = PBXFileReference; lastKnownFileType = sourcecode.swift; path = TBAuthAPI.swift; sourceTree = "<group>"; };
		85569CA82A4FFC7500515DE3 /* AuthenticationRequest.swift */ = {isa = PBXFileReference; lastKnownFileType = sourcecode.swift; path = AuthenticationRequest.swift; sourceTree = "<group>"; };
		85569CAA2A4FFD5700515DE3 /* AuthenticationResponse.swift */ = {isa = PBXFileReference; lastKnownFileType = sourcecode.swift; path = AuthenticationResponse.swift; sourceTree = "<group>"; };
		85569CAD2A4FFECF00515DE3 /* TBAuthAPIRouter.swift */ = {isa = PBXFileReference; lastKnownFileType = sourcecode.swift; path = TBAuthAPIRouter.swift; sourceTree = "<group>"; };
		85569CAF2A50084000515DE3 /* AuthenticationResult.swift */ = {isa = PBXFileReference; lastKnownFileType = sourcecode.swift; path = AuthenticationResult.swift; sourceTree = "<group>"; };
		8585F42F2A10FE0200C0A678 /* RootViewModel.swift */ = {isa = PBXFileReference; lastKnownFileType = sourcecode.swift; path = RootViewModel.swift; sourceTree = "<group>"; };
		8585F4652A12942A00C0A678 /* TripBookTests.xctest */ = {isa = PBXFileReference; explicitFileType = wrapper.cfbundle; includeInIndex = 0; path = TripBookTests.xctest; sourceTree = BUILT_PRODUCTS_DIR; };
		8585F4672A12942A00C0A678 /* TripBookTests.swift */ = {isa = PBXFileReference; lastKnownFileType = sourcecode.swift; path = TripBookTests.swift; sourceTree = "<group>"; };
		8585F46E2A12990A00C0A678 /* TravelNewsHeaderView.swift */ = {isa = PBXFileReference; lastKnownFileType = sourcecode.swift; path = TravelNewsHeaderView.swift; sourceTree = "<group>"; };
		8585F4722A12A14800C0A678 /* TravelNewsItemView.swift */ = {isa = PBXFileReference; lastKnownFileType = sourcecode.swift; path = TravelNewsItemView.swift; sourceTree = "<group>"; };
		8585F4752A13E91C00C0A678 /* TravelNewsViewModel.swift */ = {isa = PBXFileReference; lastKnownFileType = sourcecode.swift; path = TravelNewsViewModel.swift; sourceTree = "<group>"; };
		8585F4772A13EF2400C0A678 /* MyTravelNewsItemView.swift */ = {isa = PBXFileReference; lastKnownFileType = sourcecode.swift; path = MyTravelNewsItemView.swift; sourceTree = "<group>"; };
		8585F4792A15E89F00C0A678 /* TravelNewsItemViewModel.swift */ = {isa = PBXFileReference; lastKnownFileType = sourcecode.swift; path = TravelNewsItemViewModel.swift; sourceTree = "<group>"; };
		8585F47B2A15ECBB00C0A678 /* MyTravelNewsItemViewModel.swift */ = {isa = PBXFileReference; lastKnownFileType = sourcecode.swift; path = MyTravelNewsItemViewModel.swift; sourceTree = "<group>"; };
		8588E32129EE49A900746B23 /* ios-tripbook.entitlements */ = {isa = PBXFileReference; lastKnownFileType = text.plist.entitlements; path = "ios-tripbook.entitlements"; sourceTree = "<group>"; };
		85C05C8F2A3E246F006758EF /* SignupProfileInfoViewModel.swift */ = {isa = PBXFileReference; lastKnownFileType = sourcecode.swift; path = SignupProfileInfoViewModel.swift; sourceTree = "<group>"; };
		85C35B742A16594500DB8E46 /* DocumentModel.swift */ = {isa = PBXFileReference; lastKnownFileType = sourcecode.swift; path = DocumentModel.swift; sourceTree = "<group>"; };
		85C35B762A1659AE00DB8E46 /* UserModel.swift */ = {isa = PBXFileReference; lastKnownFileType = sourcecode.swift; path = UserModel.swift; sourceTree = "<group>"; };
		85C35B782A165CB000DB8E46 /* DocumentActionBar.swift */ = {isa = PBXFileReference; lastKnownFileType = sourcecode.swift; path = DocumentActionBar.swift; sourceTree = "<group>"; };
		85C35B7B2A1683EA00DB8E46 /* RequestEditorView.swift */ = {isa = PBXFileReference; lastKnownFileType = sourcecode.swift; path = RequestEditorView.swift; sourceTree = "<group>"; };
		85C6F8332A18D44B00722ED1 /* DataObject.swift */ = {isa = PBXFileReference; lastKnownFileType = sourcecode.swift; path = DataObject.swift; sourceTree = "<group>"; };
		85C6F8352A19ED0B00722ED1 /* RequestEditorResultView.swift */ = {isa = PBXFileReference; lastKnownFileType = sourcecode.swift; path = RequestEditorResultView.swift; sourceTree = "<group>"; };
		85C6F8382A1A013D00722ED1 /* RequestEditorViewModel.swift */ = {isa = PBXFileReference; lastKnownFileType = sourcecode.swift; path = RequestEditorViewModel.swift; sourceTree = "<group>"; };
		85E8CA8F2A39A5F600EBDE7F /* SignupSocialView.swift */ = {isa = PBXFileReference; lastKnownFileType = sourcecode.swift; path = SignupSocialView.swift; sourceTree = "<group>"; };
		85E8CA912A39A61D00EBDE7F /* SignupTermsView.swift */ = {isa = PBXFileReference; lastKnownFileType = sourcecode.swift; path = SignupTermsView.swift; sourceTree = "<group>"; };
		85E8CA932A39A63F00EBDE7F /* SignupProfileNameView.swift */ = {isa = PBXFileReference; lastKnownFileType = sourcecode.swift; path = SignupProfileNameView.swift; sourceTree = "<group>"; };
		85E8CA952A39A65400EBDE7F /* SignupProfileImageView.swift */ = {isa = PBXFileReference; lastKnownFileType = sourcecode.swift; path = SignupProfileImageView.swift; sourceTree = "<group>"; };
		85E8CA972A39A68900EBDE7F /* SignupProfileInfoView.swift */ = {isa = PBXFileReference; lastKnownFileType = sourcecode.swift; path = SignupProfileInfoView.swift; sourceTree = "<group>"; };
		85E8CA9A2A39A6A800EBDE7F /* SignupViewModel.swift */ = {isa = PBXFileReference; lastKnownFileType = sourcecode.swift; path = SignupViewModel.swift; sourceTree = "<group>"; };
		85E8CAA12A3ACB2300EBDE7F /* SignupSocialViewModel.swift */ = {isa = PBXFileReference; lastKnownFileType = sourcecode.swift; path = SignupSocialViewModel.swift; sourceTree = "<group>"; };
		85E8CAA82A3AD74700EBDE7F /* SignupTermsViewModel.swift */ = {isa = PBXFileReference; lastKnownFileType = sourcecode.swift; path = SignupTermsViewModel.swift; sourceTree = "<group>"; };
		85E8CAAA2A3B108600EBDE7F /* SignupProfileNameViewModel.swift */ = {isa = PBXFileReference; lastKnownFileType = sourcecode.swift; path = SignupProfileNameViewModel.swift; sourceTree = "<group>"; };
		85E8CAAC2A3DEB7700EBDE7F /* SignupProfileImageViewModel.swift */ = {isa = PBXFileReference; lastKnownFileType = sourcecode.swift; path = SignupProfileImageViewModel.swift; sourceTree = "<group>"; };
		85E8CAAF2A3DEF2800EBDE7F /* RegisterationUser.swift */ = {isa = PBXFileReference; lastKnownFileType = sourcecode.swift; path = RegisterationUser.swift; sourceTree = "<group>"; };
		85E8CAB22A3DF64C00EBDE7F /* SignupProfileImageSelectOptionView.swift */ = {isa = PBXFileReference; lastKnownFileType = sourcecode.swift; path = SignupProfileImageSelectOptionView.swift; sourceTree = "<group>"; };
		85E8CAB72A3E0B3700EBDE7F /* SignupProfileImagePickerView.swift */ = {isa = PBXFileReference; lastKnownFileType = sourcecode.swift; path = SignupProfileImagePickerView.swift; sourceTree = "<group>"; };
		85F02B4829F68D4D008DABCE /* HomeView.swift */ = {isa = PBXFileReference; lastKnownFileType = sourcecode.swift; path = HomeView.swift; sourceTree = "<group>"; };
		85F02B4B29F68E7F008DABCE /* TravelReportView.swift */ = {isa = PBXFileReference; lastKnownFileType = sourcecode.swift; path = TravelReportView.swift; sourceTree = "<group>"; };
		85F02B4D29F6906C008DABCE /* RegisterTravelReportView.swift */ = {isa = PBXFileReference; lastKnownFileType = sourcecode.swift; path = RegisterTravelReportView.swift; sourceTree = "<group>"; };
		85F02B5029F690F3008DABCE /* TravelNewsView.swift */ = {isa = PBXFileReference; lastKnownFileType = sourcecode.swift; path = TravelNewsView.swift; sourceTree = "<group>"; };
		85F02B5329F6913F008DABCE /* ProfileView.swift */ = {isa = PBXFileReference; lastKnownFileType = sourcecode.swift; path = ProfileView.swift; sourceTree = "<group>"; };
		85F03BE72A3EE4C900A0B931 /* SignupTermDetailModal.swift */ = {isa = PBXFileReference; lastKnownFileType = sourcecode.swift; path = SignupTermDetailModal.swift; sourceTree = "<group>"; };
/* End PBXFileReference section */

/* Begin PBXFrameworksBuildPhase section */
		8552BC2529DDCD8D00DC8D7E /* Frameworks */ = {
			isa = PBXFrameworksBuildPhase;
			buildActionMask = 2147483647;
			files = (
				85F03BEB2A3EF5A000A0B931 /* Alamofire in Frameworks */,
				85E8CAA72A3AD06800EBDE7F /* TBUtil in Frameworks */,
				85E8CAA52A3AD06800EBDE7F /* TBComponent in Frameworks */,
				853EA91E2A46F363001890DE /* Auth0 in Frameworks */,
			);
			runOnlyForDeploymentPostprocessing = 0;
		};
		8585F4622A12942A00C0A678 /* Frameworks */ = {
			isa = PBXFrameworksBuildPhase;
			buildActionMask = 2147483647;
			files = (
			);
			runOnlyForDeploymentPostprocessing = 0;
		};
/* End PBXFrameworksBuildPhase section */

/* Begin PBXGroup section */
		85338E1A29F81D8A00E87792 /* Resource */ = {
			isa = PBXGroup;
			children = (
				85338E1C29F81DD100E87792 /* Font */,
			);
			path = Resource;
			sourceTree = "<group>";
		};
		85338E1B29F81DB300E87792 /* Util */ = {
			isa = PBXGroup;
			children = (
				85338E2929F81DFB00E87792 /* Font.swift */,
				85C6F8332A18D44B00722ED1 /* DataObject.swift */,
			);
			path = Util;
			sourceTree = "<group>";
		};
		85338E1C29F81DD100E87792 /* Font */ = {
			isa = PBXGroup;
			children = (
				85338E1D29F81DE500E87792 /* NotoSansKR-Black.otf */,
				85338E1E29F81DE600E87792 /* NotoSansKR-Bold.otf */,
				85338E1F29F81DE600E87792 /* NotoSansKR-Light.otf */,
				85338E2029F81DE600E87792 /* NotoSansKR-Medium.otf */,
				85338E2129F81DE600E87792 /* NotoSansKR-Regular.otf */,
				85338E2229F81DE600E87792 /* NotoSansKR-Thin.otf */,
			);
			path = Font;
			sourceTree = "<group>";
		};
		85338E3029F8423200E87792 /* Component */ = {
			isa = PBXGroup;
			children = (
				85361DC02A0FFE1800B48B55 /* ToggleButton.swift */,
				85338E3129F8426800E87792 /* TravelReportItemView.swift */,
				85338E3329F8524000E87792 /* EventBannerView.swift */,
				85361DB82A0FCC2700B48B55 /* TooltipView.swift */,
				85C35B782A165CB000DB8E46 /* DocumentActionBar.swift */,
			);
			path = Component;
			sourceTree = "<group>";
		};
		85338E4029FA205400E87792 /* Home */ = {
			isa = PBXGroup;
			children = (
				85338E4129FA206C00E87792 /* HomeSearchViewModel.swift */,
				85561AB329FD403F004B06F8 /* HomeViewModel.swift */,
				85361DBB2A0FFBCB00B48B55 /* HomeTravelNewsItemViewModel.swift */,
			);
			path = Home;
			sourceTree = "<group>";
		};
		85338E4329FA637E00E87792 /* Home */ = {
			isa = PBXGroup;
			children = (
				85338E4429FA638E00E87792 /* SearchKeywordModel.swift */,
			);
			path = Home;
			sourceTree = "<group>";
		};
		85361DBA2A0FFB3D00B48B55 /* Component */ = {
			isa = PBXGroup;
			children = (
				8527A5782A036786003819B1 /* TravelReportItemViewModel.swift */,
			);
			path = Component;
			sourceTree = "<group>";
		};
		853EA9222A46F976001890DE /* Network */ = {
			isa = PBXGroup;
			children = (
				853EA9352A480FA8001890DE /* API */,
				853EA9272A46FC59001890DE /* Base */,
				853EA9232A46F98C001890DE /* Auth0Service.swift */,
			);
			path = Network;
			sourceTree = "<group>";
		};
		853EA9272A46FC59001890DE /* Base */ = {
			isa = PBXGroup;
			children = (
				853EA9302A480D38001890DE /* Path */,
				853EA9252A46FC43001890DE /* TBAPIManager.swift */,
				853EA9282A472888001890DE /* TBAuthInterceptor.swift */,
				853EA92A2A476841001890DE /* TBAPIEventLogger.swift */,
				85569CAC2A4FFEB500515DE3 /* Router */,
			);
			path = Base;
			sourceTree = "<group>";
		};
		853EA9302A480D38001890DE /* Path */ = {
			isa = PBXGroup;
			children = (
				853EA92E2A480D05001890DE /* TBAPIPath.swift */,
				853EA9312A480D4C001890DE /* TBMemberAPIPath.swift */,
				853EA9332A480E64001890DE /* TBAuthAPIPath.swift */,
			);
			path = Path;
			sourceTree = "<group>";
		};
		853EA9352A480FA8001890DE /* API */ = {
			isa = PBXGroup;
			children = (
				85569CA42A4F8EAA00515DE3 /* Auth */,
				853EA9362A480FB4001890DE /* Member */,
			);
			path = API;
			sourceTree = "<group>";
		};
		853EA9362A480FB4001890DE /* Member */ = {
			isa = PBXGroup;
			children = (
				853EA9392A481159001890DE /* Model */,
				853EA9372A480FC7001890DE /* TBMemberAPI.swift */,
			);
			path = Member;
			sourceTree = "<group>";
		};
		853EA9392A481159001890DE /* Model */ = {
			isa = PBXGroup;
			children = (
				853EA93A2A48118A001890DE /* NicknameValidationRequest.swift */,
				853EA93E2A481489001890DE /* NicknameValidationResponse.swift */,
			);
			path = Model;
			sourceTree = "<group>";
		};
		8552BC1F29DDCD8D00DC8D7E = {
			isa = PBXGroup;
			children = (
				853EA91F2A46F3D3001890DE /* Auth0.plist */,
				85338E3829F8837C00E87792 /* .gitignore */,
				85338E3629F8836F00E87792 /* .gitattributes */,
				8552BC2A29DDCD8D00DC8D7E /* ios-tripbook */,
				8585F4662A12942A00C0A678 /* TripBookTests */,
				8552BC2929DDCD8D00DC8D7E /* Products */,
			);
			sourceTree = "<group>";
		};
		8552BC2929DDCD8D00DC8D7E /* Products */ = {
			isa = PBXGroup;
			children = (
				8552BC2829DDCD8D00DC8D7E /* ios-tripbook.app */,
				8585F4652A12942A00C0A678 /* TripBookTests.xctest */,
			);
			name = Products;
			sourceTree = "<group>";
		};
		8552BC2A29DDCD8D00DC8D7E /* ios-tripbook */ = {
			isa = PBXGroup;
			children = (
				85338E2B29F828EC00E87792 /* Info.plist */,
				8588E32129EE49A900746B23 /* ios-tripbook.entitlements */,
				85B6EE5629DDD29700898B48 /* View */,
				85B6EE5729DDD2A300898B48 /* ViewModel */,
				85B6EE5829DDD2B800898B48 /* Model */,
				8552BC2B29DDCD8D00DC8D7E /* AppView.swift */,
				8552BC2F29DDCD8E00DC8D7E /* Assets.xcassets */,
				85338E1A29F81D8A00E87792 /* Resource */,
				85338E1B29F81DB300E87792 /* Util */,
				853EA9222A46F976001890DE /* Network */,
				8552BC3129DDCD8E00DC8D7E /* Preview Content */,
			);
			path = "ios-tripbook";
			sourceTree = "<group>";
		};
		8552BC3129DDCD8E00DC8D7E /* Preview Content */ = {
			isa = PBXGroup;
			children = (
				8552BC3229DDCD8E00DC8D7E /* Preview Assets.xcassets */,
			);
			path = "Preview Content";
			sourceTree = "<group>";
		};
		85569CA42A4F8EAA00515DE3 /* Auth */ = {
			isa = PBXGroup;
			children = (
				85569CA72A4FFBA200515DE3 /* Model */,
				85569CA52A4F8EC000515DE3 /* TBAuthAPI.swift */,
			);
			path = Auth;
			sourceTree = "<group>";
		};
		85569CA72A4FFBA200515DE3 /* Model */ = {
			isa = PBXGroup;
			children = (
				85569CA82A4FFC7500515DE3 /* AuthenticationRequest.swift */,
				85569CAA2A4FFD5700515DE3 /* AuthenticationResponse.swift */,
			);
			path = Model;
			sourceTree = "<group>";
		};
		85569CAC2A4FFEB500515DE3 /* Router */ = {
			isa = PBXGroup;
			children = (
				853EA92C2A4771B4001890DE /* TBAPIRouter.swift */,
				85569CAD2A4FFECF00515DE3 /* TBAuthAPIRouter.swift */,
			);
			path = Router;
			sourceTree = "<group>";
		};
		8585F4662A12942A00C0A678 /* TripBookTests */ = {
			isa = PBXGroup;
			children = (
				8585F4672A12942A00C0A678 /* TripBookTests.swift */,
			);
			path = TripBookTests;
			sourceTree = "<group>";
		};
		8585F4742A13E90500C0A678 /* TravelNews */ = {
			isa = PBXGroup;
			children = (
				85C6F8372A1A012C00722ED1 /* Editor */,
				8585F4752A13E91C00C0A678 /* TravelNewsViewModel.swift */,
				8585F4792A15E89F00C0A678 /* TravelNewsItemViewModel.swift */,
				8585F47B2A15ECBB00C0A678 /* MyTravelNewsItemViewModel.swift */,
			);
			path = TravelNews;
			sourceTree = "<group>";
		};
		85B6EE5629DDD29700898B48 /* View */ = {
			isa = PBXGroup;
			children = (
				85E8CA8E2A39A57A00EBDE7F /* Signup */,
				85338E3029F8423200E87792 /* Component */,
				85F02B5229F69132008DABCE /* Profile */,
				85F02B4F29F690DE008DABCE /* TravelNews */,
				85F02B4A29F68E69008DABCE /* TravelReport */,
				85F02B4729F68D2F008DABCE /* Home */,
				8552BC2D29DDCD8D00DC8D7E /* RootView.swift */,
			);
			path = View;
			sourceTree = "<group>";
		};
		85B6EE5729DDD2A300898B48 /* ViewModel */ = {
			isa = PBXGroup;
			children = (
				8585F42F2A10FE0200C0A678 /* RootViewModel.swift */,
				85E8CA992A39A69200EBDE7F /* Signup */,
				8585F4742A13E90500C0A678 /* TravelNews */,
				85361DBA2A0FFB3D00B48B55 /* Component */,
				85338E4029FA205400E87792 /* Home */,
			);
			path = ViewModel;
			sourceTree = "<group>";
		};
		85B6EE5829DDD2B800898B48 /* Model */ = {
			isa = PBXGroup;
			children = (
				85E8CAAE2A3DEEEC00EBDE7F /* Signup */,
				85338E4329FA637E00E87792 /* Home */,
				8527A5762A0366B6003819B1 /* TravelReportModel.swift */,
				85361DBD2A0FFC1C00B48B55 /* TravelNewsModel.swift */,
				85C35B742A16594500DB8E46 /* DocumentModel.swift */,
				85C35B762A1659AE00DB8E46 /* UserModel.swift */,
			);
			path = Model;
			sourceTree = "<group>";
		};
		85C35B7A2A1683A300DB8E46 /* Editor */ = {
			isa = PBXGroup;
			children = (
				85C35B7B2A1683EA00DB8E46 /* RequestEditorView.swift */,
				85C6F8352A19ED0B00722ED1 /* RequestEditorResultView.swift */,
			);
			path = Editor;
			sourceTree = "<group>";
		};
		85C6F8372A1A012C00722ED1 /* Editor */ = {
			isa = PBXGroup;
			children = (
				85C6F8382A1A013D00722ED1 /* RequestEditorViewModel.swift */,
			);
			path = Editor;
			sourceTree = "<group>";
		};
		85E8CA8E2A39A57A00EBDE7F /* Signup */ = {
			isa = PBXGroup;
			children = (
				85E8CA8F2A39A5F600EBDE7F /* SignupSocialView.swift */,
				85F03BE62A3EE49E00A0B931 /* Terms */,
				85E8CA932A39A63F00EBDE7F /* SignupProfileNameView.swift */,
				85E8CAB12A3DF58C00EBDE7F /* Profile Image Views */,
				85E8CA972A39A68900EBDE7F /* SignupProfileInfoView.swift */,
			);
			path = Signup;
			sourceTree = "<group>";
		};
		85E8CA992A39A69200EBDE7F /* Signup */ = {
			isa = PBXGroup;
			children = (
				85E8CA9A2A39A6A800EBDE7F /* SignupViewModel.swift */,
				85E8CAA12A3ACB2300EBDE7F /* SignupSocialViewModel.swift */,
				85E8CAA82A3AD74700EBDE7F /* SignupTermsViewModel.swift */,
				85E8CAAA2A3B108600EBDE7F /* SignupProfileNameViewModel.swift */,
				85E8CAB42A3DF6EC00EBDE7F /* Signup Profile Image */,
				85C05C8F2A3E246F006758EF /* SignupProfileInfoViewModel.swift */,
			);
			path = Signup;
			sourceTree = "<group>";
		};
		85E8CAAE2A3DEEEC00EBDE7F /* Signup */ = {
			isa = PBXGroup;
			children = (
				85E8CAAF2A3DEF2800EBDE7F /* RegisterationUser.swift */,
				85569CAF2A50084000515DE3 /* AuthenticationResult.swift */,
			);
			path = Signup;
			sourceTree = "<group>";
		};
		85E8CAB12A3DF58C00EBDE7F /* Profile Image Views */ = {
			isa = PBXGroup;
			children = (
				85E8CA952A39A65400EBDE7F /* SignupProfileImageView.swift */,
				85E8CAB22A3DF64C00EBDE7F /* SignupProfileImageSelectOptionView.swift */,
				85E8CAB72A3E0B3700EBDE7F /* SignupProfileImagePickerView.swift */,
			);
			path = "Profile Image Views";
			sourceTree = "<group>";
		};
		85E8CAB42A3DF6EC00EBDE7F /* Signup Profile Image */ = {
			isa = PBXGroup;
			children = (
				85E8CAAC2A3DEB7700EBDE7F /* SignupProfileImageViewModel.swift */,
			);
			path = "Signup Profile Image";
			sourceTree = "<group>";
		};
		85F02B4729F68D2F008DABCE /* Home */ = {
			isa = PBXGroup;
			children = (
				85F02B4829F68D4D008DABCE /* HomeView.swift */,
				85338E3C29F8851E00E87792 /* HomeSearchView.swift */,
				85338E3E29F88C9C00E87792 /* HomeSearchKeywordCellView.swift */,
				851BEA5D29FF9328003D60C9 /* HomeHeaderView.swift */,
				85361DB62A0FC13600B48B55 /* HomeTravelNewsItemView.swift */,
				85361DC22A10140800B48B55 /* HomePointBannerView.swift */,
			);
			path = Home;
			sourceTree = "<group>";
		};
		85F02B4A29F68E69008DABCE /* TravelReport */ = {
			isa = PBXGroup;
			children = (
				85F02B4B29F68E7F008DABCE /* TravelReportView.swift */,
				85F02B4D29F6906C008DABCE /* RegisterTravelReportView.swift */,
			);
			path = TravelReport;
			sourceTree = "<group>";
		};
		85F02B4F29F690DE008DABCE /* TravelNews */ = {
			isa = PBXGroup;
			children = (
				85C35B7A2A1683A300DB8E46 /* Editor */,
				85F02B5029F690F3008DABCE /* TravelNewsView.swift */,
				8585F46E2A12990A00C0A678 /* TravelNewsHeaderView.swift */,
				8585F4722A12A14800C0A678 /* TravelNewsItemView.swift */,
				8585F4772A13EF2400C0A678 /* MyTravelNewsItemView.swift */,
			);
			path = TravelNews;
			sourceTree = "<group>";
		};
		85F02B5229F69132008DABCE /* Profile */ = {
			isa = PBXGroup;
			children = (
				85F02B5329F6913F008DABCE /* ProfileView.swift */,
			);
			path = Profile;
			sourceTree = "<group>";
		};
		85F03BE62A3EE49E00A0B931 /* Terms */ = {
			isa = PBXGroup;
			children = (
				85E8CA912A39A61D00EBDE7F /* SignupTermsView.swift */,
				85F03BE72A3EE4C900A0B931 /* SignupTermDetailModal.swift */,
			);
			path = Terms;
			sourceTree = "<group>";
		};
/* End PBXGroup section */

/* Begin PBXNativeTarget section */
		8552BC2729DDCD8D00DC8D7E /* ios-tripbook */ = {
			isa = PBXNativeTarget;
			buildConfigurationList = 8552BC3629DDCD8E00DC8D7E /* Build configuration list for PBXNativeTarget "ios-tripbook" */;
			buildPhases = (
				8552BC2429DDCD8D00DC8D7E /* Sources */,
				8552BC2529DDCD8D00DC8D7E /* Frameworks */,
				8552BC2629DDCD8D00DC8D7E /* Resources */,
			);
			buildRules = (
			);
			dependencies = (
			);
			name = "ios-tripbook";
			packageProductDependencies = (
				85E8CAA42A3AD06800EBDE7F /* TBComponent */,
				85E8CAA62A3AD06800EBDE7F /* TBUtil */,
				85F03BEA2A3EF5A000A0B931 /* Alamofire */,
				853EA91D2A46F363001890DE /* Auth0 */,
			);
			productName = "ios-tripbook";
			productReference = 8552BC2829DDCD8D00DC8D7E /* ios-tripbook.app */;
			productType = "com.apple.product-type.application";
		};
		8585F4642A12942A00C0A678 /* TripBookTests */ = {
			isa = PBXNativeTarget;
			buildConfigurationList = 8585F46D2A12942A00C0A678 /* Build configuration list for PBXNativeTarget "TripBookTests" */;
			buildPhases = (
				8585F4612A12942A00C0A678 /* Sources */,
				8585F4622A12942A00C0A678 /* Frameworks */,
				8585F4632A12942A00C0A678 /* Resources */,
			);
			buildRules = (
			);
			dependencies = (
				8585F46A2A12942A00C0A678 /* PBXTargetDependency */,
			);
			name = TripBookTests;
			productName = TripBookTests;
			productReference = 8585F4652A12942A00C0A678 /* TripBookTests.xctest */;
			productType = "com.apple.product-type.bundle.unit-test";
		};
/* End PBXNativeTarget section */

/* Begin PBXProject section */
		8552BC2029DDCD8D00DC8D7E /* Project object */ = {
			isa = PBXProject;
			attributes = {
				BuildIndependentTargetsInParallel = 1;
				LastSwiftUpdateCheck = 1430;
				LastUpgradeCheck = 1430;
				TargetAttributes = {
					8552BC2729DDCD8D00DC8D7E = {
						CreatedOnToolsVersion = 14.3;
					};
					8585F4642A12942A00C0A678 = {
						CreatedOnToolsVersion = 14.3;
						TestTargetID = 8552BC2729DDCD8D00DC8D7E;
					};
				};
			};
			buildConfigurationList = 8552BC2329DDCD8D00DC8D7E /* Build configuration list for PBXProject "ios-tripbook" */;
			compatibilityVersion = "Xcode 14.0";
			developmentRegion = ko;
			hasScannedForEncodings = 0;
			knownRegions = (
				Base,
				ko,
			);
			mainGroup = 8552BC1F29DDCD8D00DC8D7E;
			packageReferences = (
				85E8CAA32A3AD06800EBDE7F /* XCRemoteSwiftPackageReference "iOS-TripBook-Component-Package" */,
				85F03BE92A3EF5A000A0B931 /* XCRemoteSwiftPackageReference "Alamofire" */,
				853EA91C2A46F363001890DE /* XCRemoteSwiftPackageReference "Auth0" */,
			);
			productRefGroup = 8552BC2929DDCD8D00DC8D7E /* Products */;
			projectDirPath = "";
			projectRoot = "";
			targets = (
				8552BC2729DDCD8D00DC8D7E /* ios-tripbook */,
				8585F4642A12942A00C0A678 /* TripBookTests */,
			);
		};
/* End PBXProject section */

/* Begin PBXResourcesBuildPhase section */
		8552BC2629DDCD8D00DC8D7E /* Resources */ = {
			isa = PBXResourcesBuildPhase;
			buildActionMask = 2147483647;
			files = (
				85338E3929F8837C00E87792 /* .gitignore in Resources */,
				85338E2329F81DEE00E87792 /* NotoSansKR-Black.otf in Resources */,
				85338E3729F8836F00E87792 /* .gitattributes in Resources */,
				85338E2729F81DEE00E87792 /* NotoSansKR-Thin.otf in Resources */,
				85338E2829F81DEE00E87792 /* NotoSansKR-Light.otf in Resources */,
				8552BC3329DDCD8E00DC8D7E /* Preview Assets.xcassets in Resources */,
				85338E2529F81DEE00E87792 /* NotoSansKR-Medium.otf in Resources */,
				85338E2429F81DEE00E87792 /* NotoSansKR-Bold.otf in Resources */,
				853EA9202A46F3D3001890DE /* Auth0.plist in Resources */,
				85338E2629F81DEE00E87792 /* NotoSansKR-Regular.otf in Resources */,
				8552BC3029DDCD8E00DC8D7E /* Assets.xcassets in Resources */,
			);
			runOnlyForDeploymentPostprocessing = 0;
		};
		8585F4632A12942A00C0A678 /* Resources */ = {
			isa = PBXResourcesBuildPhase;
			buildActionMask = 2147483647;
			files = (
			);
			runOnlyForDeploymentPostprocessing = 0;
		};
/* End PBXResourcesBuildPhase section */

/* Begin PBXSourcesBuildPhase section */
		8552BC2429DDCD8D00DC8D7E /* Sources */ = {
			isa = PBXSourcesBuildPhase;
			buildActionMask = 2147483647;
			files = (
				85E8CA942A39A63F00EBDE7F /* SignupProfileNameView.swift in Sources */,
				8585F4782A13EF2400C0A678 /* MyTravelNewsItemView.swift in Sources */,
				85C6F8392A1A013D00722ED1 /* RequestEditorViewModel.swift in Sources */,
				85361DC32A10140800B48B55 /* HomePointBannerView.swift in Sources */,
				85F02B4929F68D4D008DABCE /* HomeView.swift in Sources */,
				853EA9322A480D4C001890DE /* TBMemberAPIPath.swift in Sources */,
				853EA9382A480FC7001890DE /* TBMemberAPI.swift in Sources */,
				8527A5772A0366B6003819B1 /* TravelReportModel.swift in Sources */,
				85C6F8342A18D44B00722ED1 /* DataObject.swift in Sources */,
				85F02B5129F690F3008DABCE /* TravelNewsView.swift in Sources */,
				8585F46F2A12990A00C0A678 /* TravelNewsHeaderView.swift in Sources */,
				8585F47A2A15E89F00C0A678 /* TravelNewsItemViewModel.swift in Sources */,
				853EA92B2A476841001890DE /* TBAPIEventLogger.swift in Sources */,
				85361DC12A0FFE1800B48B55 /* ToggleButton.swift in Sources */,
				85C35B792A165CB000DB8E46 /* DocumentActionBar.swift in Sources */,
				85C6F8362A19ED0B00722ED1 /* RequestEditorResultView.swift in Sources */,
				85569CB02A50084000515DE3 /* AuthenticationResult.swift in Sources */,
				85C35B752A16594500DB8E46 /* DocumentModel.swift in Sources */,
				85561AB429FD403F004B06F8 /* HomeViewModel.swift in Sources */,
				85C35B772A1659AE00DB8E46 /* UserModel.swift in Sources */,
				85338E4529FA638E00E87792 /* SearchKeywordModel.swift in Sources */,
				85338E3429F8524000E87792 /* EventBannerView.swift in Sources */,
				85C35B7C2A1683EA00DB8E46 /* RequestEditorView.swift in Sources */,
				85E8CA902A39A5F600EBDE7F /* SignupSocialView.swift in Sources */,
				85569CAB2A4FFD5700515DE3 /* AuthenticationResponse.swift in Sources */,
				85361DB92A0FCC2700B48B55 /* TooltipView.swift in Sources */,
				8585F47C2A15ECBB00C0A678 /* MyTravelNewsItemViewModel.swift in Sources */,
				85E8CAAD2A3DEB7700EBDE7F /* SignupProfileImageViewModel.swift in Sources */,
				85E8CAA92A3AD74700EBDE7F /* SignupTermsViewModel.swift in Sources */,
				853EA93B2A48118A001890DE /* NicknameValidationRequest.swift in Sources */,
				85C05C902A3E246F006758EF /* SignupProfileInfoViewModel.swift in Sources */,
				853EA9292A472888001890DE /* TBAuthInterceptor.swift in Sources */,
				8552BC2E29DDCD8D00DC8D7E /* RootView.swift in Sources */,
				85361DBE2A0FFC1C00B48B55 /* TravelNewsModel.swift in Sources */,
				85338E3F29F88C9C00E87792 /* HomeSearchKeywordCellView.swift in Sources */,
				851BEA5E29FF9328003D60C9 /* HomeHeaderView.swift in Sources */,
				85338E3D29F8851E00E87792 /* HomeSearchView.swift in Sources */,
				85338E4229FA206C00E87792 /* HomeSearchViewModel.swift in Sources */,
				85E8CAB82A3E0B3700EBDE7F /* SignupProfileImagePickerView.swift in Sources */,
				8585F4732A12A14800C0A678 /* TravelNewsItemView.swift in Sources */,
				85F02B4E29F6906C008DABCE /* RegisterTravelReportView.swift in Sources */,
				85338E3229F8426800E87792 /* TravelReportItemView.swift in Sources */,
				85338E2A29F81DFB00E87792 /* Font.swift in Sources */,
				85F02B4C29F68E7F008DABCE /* TravelReportView.swift in Sources */,
				85361DBC2A0FFBCB00B48B55 /* HomeTravelNewsItemViewModel.swift in Sources */,
				85569CA92A4FFC7500515DE3 /* AuthenticationRequest.swift in Sources */,
				853EA9242A46F98C001890DE /* Auth0Service.swift in Sources */,
				85569CA62A4F8EC000515DE3 /* TBAuthAPI.swift in Sources */,
				853EA9342A480E64001890DE /* TBAuthAPIPath.swift in Sources */,
				85E8CAAB2A3B108600EBDE7F /* SignupProfileNameViewModel.swift in Sources */,
				853EA92F2A480D05001890DE /* TBAPIPath.swift in Sources */,
				85E8CAB02A3DEF2800EBDE7F /* RegisterationUser.swift in Sources */,
				8585F4302A10FE0200C0A678 /* RootViewModel.swift in Sources */,
				85E8CAA22A3ACB2300EBDE7F /* SignupSocialViewModel.swift in Sources */,
				853EA9262A46FC43001890DE /* TBAPIManager.swift in Sources */,
				85F03BE82A3EE4C900A0B931 /* SignupTermDetailModal.swift in Sources */,
				853EA92D2A4771B4001890DE /* TBAPIRouter.swift in Sources */,
				85361DB72A0FC13600B48B55 /* HomeTravelNewsItemView.swift in Sources */,
				853EA93F2A481489001890DE /* NicknameValidationResponse.swift in Sources */,
				85F02B5429F6913F008DABCE /* ProfileView.swift in Sources */,
				85E8CA922A39A61D00EBDE7F /* SignupTermsView.swift in Sources */,
				85E8CA9B2A39A6A800EBDE7F /* SignupViewModel.swift in Sources */,
				85E8CA982A39A68900EBDE7F /* SignupProfileInfoView.swift in Sources */,
				85E8CA962A39A65400EBDE7F /* SignupProfileImageView.swift in Sources */,
				85569CAE2A4FFECF00515DE3 /* TBAuthAPIRouter.swift in Sources */,
				8527A5792A036786003819B1 /* TravelReportItemViewModel.swift in Sources */,
				8552BC2C29DDCD8D00DC8D7E /* AppView.swift in Sources */,
				8585F4762A13E91C00C0A678 /* TravelNewsViewModel.swift in Sources */,
				85E8CAB32A3DF64C00EBDE7F /* SignupProfileImageSelectOptionView.swift in Sources */,
			);
			runOnlyForDeploymentPostprocessing = 0;
		};
		8585F4612A12942A00C0A678 /* Sources */ = {
			isa = PBXSourcesBuildPhase;
			buildActionMask = 2147483647;
			files = (
				8585F4682A12942A00C0A678 /* TripBookTests.swift in Sources */,
			);
			runOnlyForDeploymentPostprocessing = 0;
		};
/* End PBXSourcesBuildPhase section */

/* Begin PBXTargetDependency section */
		8585F46A2A12942A00C0A678 /* PBXTargetDependency */ = {
			isa = PBXTargetDependency;
			target = 8552BC2729DDCD8D00DC8D7E /* ios-tripbook */;
			targetProxy = 8585F4692A12942A00C0A678 /* PBXContainerItemProxy */;
		};
/* End PBXTargetDependency section */

/* Begin XCBuildConfiguration section */
		8552BC3429DDCD8E00DC8D7E /* Debug */ = {
			isa = XCBuildConfiguration;
			buildSettings = {
				ALWAYS_SEARCH_USER_PATHS = NO;
				CLANG_ANALYZER_NONNULL = YES;
				CLANG_ANALYZER_NUMBER_OBJECT_CONVERSION = YES_AGGRESSIVE;
				CLANG_CXX_LANGUAGE_STANDARD = "gnu++20";
				CLANG_ENABLE_MODULES = YES;
				CLANG_ENABLE_OBJC_ARC = YES;
				CLANG_ENABLE_OBJC_WEAK = YES;
				CLANG_WARN_BLOCK_CAPTURE_AUTORELEASING = YES;
				CLANG_WARN_BOOL_CONVERSION = YES;
				CLANG_WARN_COMMA = YES;
				CLANG_WARN_CONSTANT_CONVERSION = YES;
				CLANG_WARN_DEPRECATED_OBJC_IMPLEMENTATIONS = YES;
				CLANG_WARN_DIRECT_OBJC_ISA_USAGE = YES_ERROR;
				CLANG_WARN_DOCUMENTATION_COMMENTS = YES;
				CLANG_WARN_EMPTY_BODY = YES;
				CLANG_WARN_ENUM_CONVERSION = YES;
				CLANG_WARN_INFINITE_RECURSION = YES;
				CLANG_WARN_INT_CONVERSION = YES;
				CLANG_WARN_NON_LITERAL_NULL_CONVERSION = YES;
				CLANG_WARN_OBJC_IMPLICIT_RETAIN_SELF = YES;
				CLANG_WARN_OBJC_LITERAL_CONVERSION = YES;
				CLANG_WARN_OBJC_ROOT_CLASS = YES_ERROR;
				CLANG_WARN_QUOTED_INCLUDE_IN_FRAMEWORK_HEADER = YES;
				CLANG_WARN_RANGE_LOOP_ANALYSIS = YES;
				CLANG_WARN_STRICT_PROTOTYPES = YES;
				CLANG_WARN_SUSPICIOUS_MOVE = YES;
				CLANG_WARN_UNGUARDED_AVAILABILITY = YES_AGGRESSIVE;
				CLANG_WARN_UNREACHABLE_CODE = YES;
				CLANG_WARN__DUPLICATE_METHOD_MATCH = YES;
				COPY_PHASE_STRIP = NO;
				DEBUG_INFORMATION_FORMAT = dwarf;
				ENABLE_STRICT_OBJC_MSGSEND = YES;
				ENABLE_TESTABILITY = YES;
				GCC_C_LANGUAGE_STANDARD = gnu11;
				GCC_DYNAMIC_NO_PIC = NO;
				GCC_NO_COMMON_BLOCKS = YES;
				GCC_OPTIMIZATION_LEVEL = 0;
				GCC_PREPROCESSOR_DEFINITIONS = (
					"DEBUG=1",
					"$(inherited)",
				);
				GCC_WARN_64_TO_32_BIT_CONVERSION = YES;
				GCC_WARN_ABOUT_RETURN_TYPE = YES_ERROR;
				GCC_WARN_UNDECLARED_SELECTOR = YES;
				GCC_WARN_UNINITIALIZED_AUTOS = YES_AGGRESSIVE;
				GCC_WARN_UNUSED_FUNCTION = YES;
				GCC_WARN_UNUSED_VARIABLE = YES;
				IPHONEOS_DEPLOYMENT_TARGET = 15.0;
				MTL_ENABLE_DEBUG_INFO = INCLUDE_SOURCE;
				MTL_FAST_MATH = YES;
				ONLY_ACTIVE_ARCH = YES;
				SDKROOT = iphoneos;
				SWIFT_ACTIVE_COMPILATION_CONDITIONS = DEBUG;
				SWIFT_OPTIMIZATION_LEVEL = "-Onone";
			};
			name = Debug;
		};
		8552BC3529DDCD8E00DC8D7E /* Release */ = {
			isa = XCBuildConfiguration;
			buildSettings = {
				ALWAYS_SEARCH_USER_PATHS = NO;
				CLANG_ANALYZER_NONNULL = YES;
				CLANG_ANALYZER_NUMBER_OBJECT_CONVERSION = YES_AGGRESSIVE;
				CLANG_CXX_LANGUAGE_STANDARD = "gnu++20";
				CLANG_ENABLE_MODULES = YES;
				CLANG_ENABLE_OBJC_ARC = YES;
				CLANG_ENABLE_OBJC_WEAK = YES;
				CLANG_WARN_BLOCK_CAPTURE_AUTORELEASING = YES;
				CLANG_WARN_BOOL_CONVERSION = YES;
				CLANG_WARN_COMMA = YES;
				CLANG_WARN_CONSTANT_CONVERSION = YES;
				CLANG_WARN_DEPRECATED_OBJC_IMPLEMENTATIONS = YES;
				CLANG_WARN_DIRECT_OBJC_ISA_USAGE = YES_ERROR;
				CLANG_WARN_DOCUMENTATION_COMMENTS = YES;
				CLANG_WARN_EMPTY_BODY = YES;
				CLANG_WARN_ENUM_CONVERSION = YES;
				CLANG_WARN_INFINITE_RECURSION = YES;
				CLANG_WARN_INT_CONVERSION = YES;
				CLANG_WARN_NON_LITERAL_NULL_CONVERSION = YES;
				CLANG_WARN_OBJC_IMPLICIT_RETAIN_SELF = YES;
				CLANG_WARN_OBJC_LITERAL_CONVERSION = YES;
				CLANG_WARN_OBJC_ROOT_CLASS = YES_ERROR;
				CLANG_WARN_QUOTED_INCLUDE_IN_FRAMEWORK_HEADER = YES;
				CLANG_WARN_RANGE_LOOP_ANALYSIS = YES;
				CLANG_WARN_STRICT_PROTOTYPES = YES;
				CLANG_WARN_SUSPICIOUS_MOVE = YES;
				CLANG_WARN_UNGUARDED_AVAILABILITY = YES_AGGRESSIVE;
				CLANG_WARN_UNREACHABLE_CODE = YES;
				CLANG_WARN__DUPLICATE_METHOD_MATCH = YES;
				COPY_PHASE_STRIP = NO;
				DEBUG_INFORMATION_FORMAT = "dwarf-with-dsym";
				ENABLE_NS_ASSERTIONS = NO;
				ENABLE_STRICT_OBJC_MSGSEND = YES;
				GCC_C_LANGUAGE_STANDARD = gnu11;
				GCC_NO_COMMON_BLOCKS = YES;
				GCC_WARN_64_TO_32_BIT_CONVERSION = YES;
				GCC_WARN_ABOUT_RETURN_TYPE = YES_ERROR;
				GCC_WARN_UNDECLARED_SELECTOR = YES;
				GCC_WARN_UNINITIALIZED_AUTOS = YES_AGGRESSIVE;
				GCC_WARN_UNUSED_FUNCTION = YES;
				GCC_WARN_UNUSED_VARIABLE = YES;
				IPHONEOS_DEPLOYMENT_TARGET = 15.0;
				MTL_ENABLE_DEBUG_INFO = NO;
				MTL_FAST_MATH = YES;
				SDKROOT = iphoneos;
				SWIFT_COMPILATION_MODE = wholemodule;
				SWIFT_OPTIMIZATION_LEVEL = "-O";
				VALIDATE_PRODUCT = YES;
			};
			name = Release;
		};
		8552BC3729DDCD8E00DC8D7E /* Debug */ = {
			isa = XCBuildConfiguration;
			buildSettings = {
				ASSETCATALOG_COMPILER_APPICON_NAME = AppIcon;
				ASSETCATALOG_COMPILER_GLOBAL_ACCENT_COLOR_NAME = AccentColor;
				CODE_SIGN_ENTITLEMENTS = "ios-tripbook/ios-tripbook.entitlements";
				CODE_SIGN_IDENTITY = "Apple Development";
				CODE_SIGN_STYLE = Automatic;
				CURRENT_PROJECT_VERSION = 1;
				DEVELOPMENT_ASSET_PATHS = "\"ios-tripbook/Preview Content\"";
				DEVELOPMENT_TEAM = XU228RZRM5;
				ENABLE_PREVIEWS = YES;
				GENERATE_INFOPLIST_FILE = YES;
				INFOPLIST_FILE = "ios-tripbook/Info.plist";
				INFOPLIST_KEY_CFBundleDisplayName = "트립북";
				INFOPLIST_KEY_LSApplicationCategoryType = "public.app-category.travel";
				INFOPLIST_KEY_NSCameraUsageDescription = "사용자님의 프로필 사진을";
				INFOPLIST_KEY_NSPhotoLibraryUsageDescription = "사용자님의 프로필 사진과 여행 기록에 사용하기 위해 권한을 요청드립니다.";
				INFOPLIST_KEY_UIApplicationSceneManifest_Generation = YES;
				INFOPLIST_KEY_UIApplicationSupportsIndirectInputEvents = YES;
				INFOPLIST_KEY_UILaunchScreen_Generation = YES;
				INFOPLIST_KEY_UIRequiresFullScreen = YES;
				INFOPLIST_KEY_UISupportedInterfaceOrientations = "UIInterfaceOrientationPortrait UIInterfaceOrientationPortraitUpsideDown";
				INFOPLIST_KEY_UIUserInterfaceStyle = Light;
				IPHONEOS_DEPLOYMENT_TARGET = 15.0;
				LD_RUNPATH_SEARCH_PATHS = (
					"$(inherited)",
					"@executable_path/Frameworks",
				);
				MARKETING_VERSION = 1.0;
				PRODUCT_BUNDLE_IDENTIFIER = com.tripbookteam07.tripbook;
				PRODUCT_NAME = "$(TARGET_NAME)";
				PROVISIONING_PROFILE_SPECIFIER = "";
				SUPPORTED_PLATFORMS = "iphoneos iphonesimulator";
				SUPPORTS_MACCATALYST = NO;
				SUPPORTS_MAC_DESIGNED_FOR_IPHONE_IPAD = NO;
				SWIFT_EMIT_LOC_STRINGS = YES;
				SWIFT_VERSION = 5.0;
				TARGETED_DEVICE_FAMILY = "1,2";
			};
			name = Debug;
		};
		8552BC3829DDCD8E00DC8D7E /* Release */ = {
			isa = XCBuildConfiguration;
			buildSettings = {
				ASSETCATALOG_COMPILER_APPICON_NAME = AppIcon;
				ASSETCATALOG_COMPILER_GLOBAL_ACCENT_COLOR_NAME = AccentColor;
				CODE_SIGN_ENTITLEMENTS = "ios-tripbook/ios-tripbook.entitlements";
				CODE_SIGN_IDENTITY = "Apple Development";
				CODE_SIGN_STYLE = Automatic;
				CURRENT_PROJECT_VERSION = 1;
				DEVELOPMENT_ASSET_PATHS = "\"ios-tripbook/Preview Content\"";
				DEVELOPMENT_TEAM = XU228RZRM5;
				ENABLE_PREVIEWS = YES;
				GENERATE_INFOPLIST_FILE = YES;
				INFOPLIST_FILE = "ios-tripbook/Info.plist";
				INFOPLIST_KEY_CFBundleDisplayName = "트립북";
				INFOPLIST_KEY_LSApplicationCategoryType = "public.app-category.travel";
				INFOPLIST_KEY_NSCameraUsageDescription = "사용자님의 프로필 사진을";
				INFOPLIST_KEY_NSPhotoLibraryUsageDescription = "사용자님의 프로필 사진과 여행 기록에 사용하기 위해 권한을 요청드립니다.";
				INFOPLIST_KEY_UIApplicationSceneManifest_Generation = YES;
				INFOPLIST_KEY_UIApplicationSupportsIndirectInputEvents = YES;
				INFOPLIST_KEY_UILaunchScreen_Generation = YES;
				INFOPLIST_KEY_UIRequiresFullScreen = YES;
				INFOPLIST_KEY_UISupportedInterfaceOrientations = "UIInterfaceOrientationPortrait UIInterfaceOrientationPortraitUpsideDown";
				INFOPLIST_KEY_UIUserInterfaceStyle = Light;
				IPHONEOS_DEPLOYMENT_TARGET = 15.0;
				LD_RUNPATH_SEARCH_PATHS = (
					"$(inherited)",
					"@executable_path/Frameworks",
				);
				MARKETING_VERSION = 1.0;
				PRODUCT_BUNDLE_IDENTIFIER = com.tripbookteam07.tripbook;
				PRODUCT_NAME = "$(TARGET_NAME)";
				PROVISIONING_PROFILE_SPECIFIER = "";
				SUPPORTED_PLATFORMS = "iphoneos iphonesimulator";
				SUPPORTS_MACCATALYST = NO;
				SUPPORTS_MAC_DESIGNED_FOR_IPHONE_IPAD = NO;
				SWIFT_EMIT_LOC_STRINGS = YES;
				SWIFT_VERSION = 5.0;
				TARGETED_DEVICE_FAMILY = "1,2";
			};
			name = Release;
		};
		8585F46B2A12942A00C0A678 /* Debug */ = {
			isa = XCBuildConfiguration;
			buildSettings = {
				BUNDLE_LOADER = "$(TEST_HOST)";
				CODE_SIGN_STYLE = Automatic;
				CURRENT_PROJECT_VERSION = 1;
				DEVELOPMENT_TEAM = 2QA54Q67C3;
				GENERATE_INFOPLIST_FILE = YES;
				IPHONEOS_DEPLOYMENT_TARGET = 14.0;
				MACOSX_DEPLOYMENT_TARGET = 13.3;
				MARKETING_VERSION = 1.0;
				PRODUCT_BUNDLE_IDENTIFIER = com.tripbook.TripBookTests;
				PRODUCT_NAME = "$(TARGET_NAME)";
				SDKROOT = auto;
				SUPPORTED_PLATFORMS = "iphoneos iphonesimulator macosx";
				SWIFT_EMIT_LOC_STRINGS = NO;
				SWIFT_VERSION = 5.0;
				TARGETED_DEVICE_FAMILY = "1,2";
				TEST_HOST = "$(BUILT_PRODUCTS_DIR)/ios-tripbook.app/$(BUNDLE_EXECUTABLE_FOLDER_PATH)/ios-tripbook";
			};
			name = Debug;
		};
		8585F46C2A12942A00C0A678 /* Release */ = {
			isa = XCBuildConfiguration;
			buildSettings = {
				BUNDLE_LOADER = "$(TEST_HOST)";
				CODE_SIGN_STYLE = Automatic;
				CURRENT_PROJECT_VERSION = 1;
				DEVELOPMENT_TEAM = 2QA54Q67C3;
				GENERATE_INFOPLIST_FILE = YES;
				IPHONEOS_DEPLOYMENT_TARGET = 14.0;
				MACOSX_DEPLOYMENT_TARGET = 13.3;
				MARKETING_VERSION = 1.0;
				PRODUCT_BUNDLE_IDENTIFIER = com.tripbook.TripBookTests;
				PRODUCT_NAME = "$(TARGET_NAME)";
				SDKROOT = auto;
				SUPPORTED_PLATFORMS = "iphoneos iphonesimulator macosx";
				SWIFT_EMIT_LOC_STRINGS = NO;
				SWIFT_VERSION = 5.0;
				TARGETED_DEVICE_FAMILY = "1,2";
				TEST_HOST = "$(BUILT_PRODUCTS_DIR)/ios-tripbook.app/$(BUNDLE_EXECUTABLE_FOLDER_PATH)/ios-tripbook";
			};
			name = Release;
		};
/* End XCBuildConfiguration section */

/* Begin XCConfigurationList section */
		8552BC2329DDCD8D00DC8D7E /* Build configuration list for PBXProject "ios-tripbook" */ = {
			isa = XCConfigurationList;
			buildConfigurations = (
				8552BC3429DDCD8E00DC8D7E /* Debug */,
				8552BC3529DDCD8E00DC8D7E /* Release */,
			);
			defaultConfigurationIsVisible = 0;
			defaultConfigurationName = Release;
		};
		8552BC3629DDCD8E00DC8D7E /* Build configuration list for PBXNativeTarget "ios-tripbook" */ = {
			isa = XCConfigurationList;
			buildConfigurations = (
				8552BC3729DDCD8E00DC8D7E /* Debug */,
				8552BC3829DDCD8E00DC8D7E /* Release */,
			);
			defaultConfigurationIsVisible = 0;
			defaultConfigurationName = Release;
		};
		8585F46D2A12942A00C0A678 /* Build configuration list for PBXNativeTarget "TripBookTests" */ = {
			isa = XCConfigurationList;
			buildConfigurations = (
				8585F46B2A12942A00C0A678 /* Debug */,
				8585F46C2A12942A00C0A678 /* Release */,
			);
			defaultConfigurationIsVisible = 0;
			defaultConfigurationName = Release;
		};
/* End XCConfigurationList section */

/* Begin XCRemoteSwiftPackageReference section */
		853EA91C2A46F363001890DE /* XCRemoteSwiftPackageReference "Auth0" */ = {
			isa = XCRemoteSwiftPackageReference;
			repositoryURL = "https://github.com/auth0/Auth0.swift";
			requirement = {
				kind = upToNextMajorVersion;
				minimumVersion = 2.4.0;
			};
		};
		85E8CAA32A3AD06800EBDE7F /* XCRemoteSwiftPackageReference "iOS-TripBook-Component-Package" */ = {
			isa = XCRemoteSwiftPackageReference;
			repositoryURL = "https://github.com/tripbook2023/iOS-TripBook-Component-Package";
			requirement = {
				kind = upToNextMajorVersion;
				minimumVersion = 1.0.0;
			};
		};
		85F03BE92A3EF5A000A0B931 /* XCRemoteSwiftPackageReference "Alamofire" */ = {
			isa = XCRemoteSwiftPackageReference;
			repositoryURL = "https://github.com/Alamofire/Alamofire.git";
			requirement = {
				kind = upToNextMajorVersion;
				minimumVersion = 5.7.1;
			};
		};
/* End XCRemoteSwiftPackageReference section */

/* Begin XCSwiftPackageProductDependency section */
		853EA91D2A46F363001890DE /* Auth0 */ = {
			isa = XCSwiftPackageProductDependency;
			package = 853EA91C2A46F363001890DE /* XCRemoteSwiftPackageReference "Auth0" */;
			productName = Auth0;
		};
		85E8CAA42A3AD06800EBDE7F /* TBComponent */ = {
			isa = XCSwiftPackageProductDependency;
			package = 85E8CAA32A3AD06800EBDE7F /* XCRemoteSwiftPackageReference "iOS-TripBook-Component-Package" */;
			productName = TBComponent;
		};
		85E8CAA62A3AD06800EBDE7F /* TBUtil */ = {
			isa = XCSwiftPackageProductDependency;
			package = 85E8CAA32A3AD06800EBDE7F /* XCRemoteSwiftPackageReference "iOS-TripBook-Component-Package" */;
			productName = TBUtil;
		};
		85F03BEA2A3EF5A000A0B931 /* Alamofire */ = {
			isa = XCSwiftPackageProductDependency;
			package = 85F03BE92A3EF5A000A0B931 /* XCRemoteSwiftPackageReference "Alamofire" */;
			productName = Alamofire;
		};
/* End XCSwiftPackageProductDependency section */
	};
	rootObject = 8552BC2029DDCD8D00DC8D7E /* Project object */;
}
